
Microsoft Visual Studio Solution File, Format Version 12.00
# Visual Studio Version 16
VisualStudioVersion = 16.0.30011.22
MinimumVisualStudioVersion = 15.0.26124.0
Project("{2150E333-8FDC-42A3-9474-1A3956D46DE8}") = "Catalog", "Catalog", "{90A02A63-858D-4DF7-A0D9-F163E6854AE0}"
EndProject
Project("{9A19103F-16F7-4668-BE54-9A1E7A4F7556}") = "Catalog.Services", "Catalog\Catalog.Services\Catalog.Services.csproj", "{6BF1BFDE-41D3-4A27-8F4F-DD3634917302}"
EndProject
Project("{9A19103F-16F7-4668-BE54-9A1E7A4F7556}") = "Catalog.Services.Tests", "Catalog\Catalog.Services.Tests\Catalog.Services.Tests.csproj", "{B7EB7027-BBF4-4AAD-A3BD-5DF4E34CE35F}"
EndProject
Project("{9A19103F-16F7-4668-BE54-9A1E7A4F7556}") = "Catalog.Models", "Catalog\Catalog.Models\Catalog.Models.csproj", "{7355E462-EE87-4079-AD91-ABEFE47CD00C}"
EndProject
Project("{9A19103F-16F7-4668-BE54-9A1E7A4F7556}") = "Catalog.Clients", "Catalog\Catalog.Clients\Catalog.Clients.csproj", "{E8C45A80-4621-45F8-83E7-1AC35ECDDFA8}"
EndProject
Project("{9A19103F-16F7-4668-BE54-9A1E7A4F7556}") = "Catalog.RestApi", "Catalog\Catalog.RestApi\Catalog.RestApi.csproj", "{528E8E75-843A-4E90-96E2-7B9B075AFBC8}"
EndProject
Project("{E53339B2-1760-4266-BCC7-CA923CBCF16C}") = "docker-compose", "docker-compose.dcproj", "{B164649F-870D-4D36-96EA-864E30BC9FB4}"
EndProject
Project("{2150E333-8FDC-42A3-9474-1A3956D46DE8}") = "Ordering", "Ordering", "{565B8CC4-A809-4EB2-BD43-1148591BA07C}"
EndProject
Project("{9A19103F-16F7-4668-BE54-9A1E7A4F7556}") = "Ordering.Services", "Ordering\Ordering.Services\Ordering.Services.csproj", "{DCCB69B1-E4B6-4336-94DF-DDABCFEA8A02}"
EndProject
Project("{9A19103F-16F7-4668-BE54-9A1E7A4F7556}") = "Ordering.Services.Tests", "Ordering\Ordering.Services.Tests\Ordering.Services.Tests.csproj", "{044EC077-9BB6-49CF-9D58-BA8F82818773}"
EndProject
Project("{9A19103F-16F7-4668-BE54-9A1E7A4F7556}") = "Ordering.Clients", "Ordering\Ordering.Clients\Ordering.Clients.csproj", "{7346A4EE-3530-42AF-9004-B71D00539AC5}"
EndProject
Project("{9A19103F-16F7-4668-BE54-9A1E7A4F7556}") = "Ordering.RestApi", "Ordering\Ordering.RestApi\Ordering.RestApi.csproj", "{D8DA508E-1709-46FD-A8C9-950A39976524}"
EndProject
Project("{2150E333-8FDC-42A3-9474-1A3956D46DE8}") = "Apps", "Apps", "{FB57CDDD-390F-4A9F-ACF5-F9DBB9DF682F}"
EndProject
Project("{9A19103F-16F7-4668-BE54-9A1E7A4F7556}") = "Ordering.Models", "Ordering\Ordering.Models\Ordering.Models.csproj", "{7EC5F079-2A4B-4482-8877-A811DA23A04F}"
EndProject
Project("{2150E333-8FDC-42A3-9474-1A3956D46DE8}") = "Protos", "Protos", "{C966B347-AB55-4D09-B9A2-450EE84D4A5A}"
	ProjectSection(SolutionItems) = preProject
		Catalog\Proto\Catalog.proto = Catalog\Proto\Catalog.proto
	EndProjectSection
EndProject
Project("{2150E333-8FDC-42A3-9474-1A3956D46DE8}") = "Protos", "Protos", "{96B564A2-0A24-456C-BAD8-6051198D5192}"
	ProjectSection(SolutionItems) = preProject
		Ordering\Proto\Ordering.proto = Ordering\Proto\Ordering.proto
	EndProjectSection
EndProject
Project("{9A19103F-16F7-4668-BE54-9A1E7A4F7556}") = "WebApp", "Apps\WebApp\WebApp.csproj", "{B1D1136D-69DF-405D-865B-05A9DFA57CF1}"
EndProject
Project("{9A19103F-16F7-4668-BE54-9A1E7A4F7556}") = "Cybtans.Serialization", "..\..\Cybtans.Serialization\Cybtans.Serialization.csproj", "{0B0D0A88-2E3E-4A9D-AABA-8D9691C25FF2}"
EndProject
Global
	GlobalSection(SolutionConfigurationPlatforms) = preSolution
		Debug|Any CPU = Debug|Any CPU
		Debug|x64 = Debug|x64
		Debug|x86 = Debug|x86
		Release|Any CPU = Release|Any CPU
		Release|x64 = Release|x64
		Release|x86 = Release|x86
	EndGlobalSection
	GlobalSection(ProjectConfigurationPlatforms) = postSolution
		{6BF1BFDE-41D3-4A27-8F4F-DD3634917302}.Debug|Any CPU.ActiveCfg = Debug|Any CPU
		{6BF1BFDE-41D3-4A27-8F4F-DD3634917302}.Debug|Any CPU.Build.0 = Debug|Any CPU
		{6BF1BFDE-41D3-4A27-8F4F-DD3634917302}.Debug|x64.ActiveCfg = Debug|Any CPU
		{6BF1BFDE-41D3-4A27-8F4F-DD3634917302}.Debug|x64.Build.0 = Debug|Any CPU
		{6BF1BFDE-41D3-4A27-8F4F-DD3634917302}.Debug|x86.ActiveCfg = Debug|Any CPU
		{6BF1BFDE-41D3-4A27-8F4F-DD3634917302}.Debug|x86.Build.0 = Debug|Any CPU
		{6BF1BFDE-41D3-4A27-8F4F-DD3634917302}.Release|Any CPU.ActiveCfg = Release|Any CPU
		{6BF1BFDE-41D3-4A27-8F4F-DD3634917302}.Release|Any CPU.Build.0 = Release|Any CPU
		{6BF1BFDE-41D3-4A27-8F4F-DD3634917302}.Release|x64.ActiveCfg = Release|Any CPU
		{6BF1BFDE-41D3-4A27-8F4F-DD3634917302}.Release|x64.Build.0 = Release|Any CPU
		{6BF1BFDE-41D3-4A27-8F4F-DD3634917302}.Release|x86.ActiveCfg = Release|Any CPU
		{6BF1BFDE-41D3-4A27-8F4F-DD3634917302}.Release|x86.Build.0 = Release|Any CPU
		{B7EB7027-BBF4-4AAD-A3BD-5DF4E34CE35F}.Debug|Any CPU.ActiveCfg = Debug|Any CPU
		{B7EB7027-BBF4-4AAD-A3BD-5DF4E34CE35F}.Debug|Any CPU.Build.0 = Debug|Any CPU
		{B7EB7027-BBF4-4AAD-A3BD-5DF4E34CE35F}.Debug|x64.ActiveCfg = Debug|Any CPU
		{B7EB7027-BBF4-4AAD-A3BD-5DF4E34CE35F}.Debug|x64.Build.0 = Debug|Any CPU
		{B7EB7027-BBF4-4AAD-A3BD-5DF4E34CE35F}.Debug|x86.ActiveCfg = Debug|Any CPU
		{B7EB7027-BBF4-4AAD-A3BD-5DF4E34CE35F}.Debug|x86.Build.0 = Debug|Any CPU
		{B7EB7027-BBF4-4AAD-A3BD-5DF4E34CE35F}.Release|Any CPU.ActiveCfg = Release|Any CPU
		{B7EB7027-BBF4-4AAD-A3BD-5DF4E34CE35F}.Release|Any CPU.Build.0 = Release|Any CPU
		{B7EB7027-BBF4-4AAD-A3BD-5DF4E34CE35F}.Release|x64.ActiveCfg = Release|Any CPU
		{B7EB7027-BBF4-4AAD-A3BD-5DF4E34CE35F}.Release|x64.Build.0 = Release|Any CPU
		{B7EB7027-BBF4-4AAD-A3BD-5DF4E34CE35F}.Release|x86.ActiveCfg = Release|Any CPU
		{B7EB7027-BBF4-4AAD-A3BD-5DF4E34CE35F}.Release|x86.Build.0 = Release|Any CPU
		{7355E462-EE87-4079-AD91-ABEFE47CD00C}.Debug|Any CPU.ActiveCfg = Debug|Any CPU
		{7355E462-EE87-4079-AD91-ABEFE47CD00C}.Debug|Any CPU.Build.0 = Debug|Any CPU
		{7355E462-EE87-4079-AD91-ABEFE47CD00C}.Debug|x64.ActiveCfg = Debug|Any CPU
		{7355E462-EE87-4079-AD91-ABEFE47CD00C}.Debug|x64.Build.0 = Debug|Any CPU
		{7355E462-EE87-4079-AD91-ABEFE47CD00C}.Debug|x86.ActiveCfg = Debug|Any CPU
		{7355E462-EE87-4079-AD91-ABEFE47CD00C}.Debug|x86.Build.0 = Debug|Any CPU
		{7355E462-EE87-4079-AD91-ABEFE47CD00C}.Release|Any CPU.ActiveCfg = Release|Any CPU
		{7355E462-EE87-4079-AD91-ABEFE47CD00C}.Release|Any CPU.Build.0 = Release|Any CPU
		{7355E462-EE87-4079-AD91-ABEFE47CD00C}.Release|x64.ActiveCfg = Release|Any CPU
		{7355E462-EE87-4079-AD91-ABEFE47CD00C}.Release|x64.Build.0 = Release|Any CPU
		{7355E462-EE87-4079-AD91-ABEFE47CD00C}.Release|x86.ActiveCfg = Release|Any CPU
		{7355E462-EE87-4079-AD91-ABEFE47CD00C}.Release|x86.Build.0 = Release|Any CPU
		{E8C45A80-4621-45F8-83E7-1AC35ECDDFA8}.Debug|Any CPU.ActiveCfg = Debug|Any CPU
		{E8C45A80-4621-45F8-83E7-1AC35ECDDFA8}.Debug|Any CPU.Build.0 = Debug|Any CPU
		{E8C45A80-4621-45F8-83E7-1AC35ECDDFA8}.Debug|x64.ActiveCfg = Debug|Any CPU
		{E8C45A80-4621-45F8-83E7-1AC35ECDDFA8}.Debug|x64.Build.0 = Debug|Any CPU
		{E8C45A80-4621-45F8-83E7-1AC35ECDDFA8}.Debug|x86.ActiveCfg = Debug|Any CPU
		{E8C45A80-4621-45F8-83E7-1AC35ECDDFA8}.Debug|x86.Build.0 = Debug|Any CPU
		{E8C45A80-4621-45F8-83E7-1AC35ECDDFA8}.Release|Any CPU.ActiveCfg = Release|Any CPU
		{E8C45A80-4621-45F8-83E7-1AC35ECDDFA8}.Release|Any CPU.Build.0 = Release|Any CPU
		{E8C45A80-4621-45F8-83E7-1AC35ECDDFA8}.Release|x64.ActiveCfg = Release|Any CPU
		{E8C45A80-4621-45F8-83E7-1AC35ECDDFA8}.Release|x64.Build.0 = Release|Any CPU
		{E8C45A80-4621-45F8-83E7-1AC35ECDDFA8}.Release|x86.ActiveCfg = Release|Any CPU
		{E8C45A80-4621-45F8-83E7-1AC35ECDDFA8}.Release|x86.Build.0 = Release|Any CPU
		{528E8E75-843A-4E90-96E2-7B9B075AFBC8}.Debug|Any CPU.ActiveCfg = Debug|Any CPU
		{528E8E75-843A-4E90-96E2-7B9B075AFBC8}.Debug|Any CPU.Build.0 = Debug|Any CPU
		{528E8E75-843A-4E90-96E2-7B9B075AFBC8}.Debug|x64.ActiveCfg = Debug|Any CPU
		{528E8E75-843A-4E90-96E2-7B9B075AFBC8}.Debug|x64.Build.0 = Debug|Any CPU
		{528E8E75-843A-4E90-96E2-7B9B075AFBC8}.Debug|x86.ActiveCfg = Debug|Any CPU
		{528E8E75-843A-4E90-96E2-7B9B075AFBC8}.Debug|x86.Build.0 = Debug|Any CPU
		{528E8E75-843A-4E90-96E2-7B9B075AFBC8}.Release|Any CPU.ActiveCfg = Release|Any CPU
		{528E8E75-843A-4E90-96E2-7B9B075AFBC8}.Release|Any CPU.Build.0 = Release|Any CPU
		{528E8E75-843A-4E90-96E2-7B9B075AFBC8}.Release|x64.ActiveCfg = Release|Any CPU
		{528E8E75-843A-4E90-96E2-7B9B075AFBC8}.Release|x64.Build.0 = Release|Any CPU
		{528E8E75-843A-4E90-96E2-7B9B075AFBC8}.Release|x86.ActiveCfg = Release|Any CPU
		{528E8E75-843A-4E90-96E2-7B9B075AFBC8}.Release|x86.Build.0 = Release|Any CPU
		{B164649F-870D-4D36-96EA-864E30BC9FB4}.Debug|Any CPU.ActiveCfg = Debug|Any CPU
		{B164649F-870D-4D36-96EA-864E30BC9FB4}.Debug|Any CPU.Build.0 = Debug|Any CPU
		{B164649F-870D-4D36-96EA-864E30BC9FB4}.Debug|x64.ActiveCfg = Debug|Any CPU
		{B164649F-870D-4D36-96EA-864E30BC9FB4}.Debug|x64.Build.0 = Debug|Any CPU
		{B164649F-870D-4D36-96EA-864E30BC9FB4}.Debug|x86.ActiveCfg = Debug|Any CPU
		{B164649F-870D-4D36-96EA-864E30BC9FB4}.Debug|x86.Build.0 = Debug|Any CPU
		{B164649F-870D-4D36-96EA-864E30BC9FB4}.Release|Any CPU.ActiveCfg = Release|Any CPU
		{B164649F-870D-4D36-96EA-864E30BC9FB4}.Release|Any CPU.Build.0 = Release|Any CPU
		{B164649F-870D-4D36-96EA-864E30BC9FB4}.Release|x64.ActiveCfg = Release|Any CPU
		{B164649F-870D-4D36-96EA-864E30BC9FB4}.Release|x64.Build.0 = Release|Any CPU
		{B164649F-870D-4D36-96EA-864E30BC9FB4}.Release|x86.ActiveCfg = Release|Any CPU
		{B164649F-870D-4D36-96EA-864E30BC9FB4}.Release|x86.Build.0 = Release|Any CPU
		{DCCB69B1-E4B6-4336-94DF-DDABCFEA8A02}.Debug|Any CPU.ActiveCfg = Debug|Any CPU
		{DCCB69B1-E4B6-4336-94DF-DDABCFEA8A02}.Debug|Any CPU.Build.0 = Debug|Any CPU
		{DCCB69B1-E4B6-4336-94DF-DDABCFEA8A02}.Debug|x64.ActiveCfg = Debug|Any CPU
		{DCCB69B1-E4B6-4336-94DF-DDABCFEA8A02}.Debug|x64.Build.0 = Debug|Any CPU
		{DCCB69B1-E4B6-4336-94DF-DDABCFEA8A02}.Debug|x86.ActiveCfg = Debug|Any CPU
		{DCCB69B1-E4B6-4336-94DF-DDABCFEA8A02}.Debug|x86.Build.0 = Debug|Any CPU
		{DCCB69B1-E4B6-4336-94DF-DDABCFEA8A02}.Release|Any CPU.ActiveCfg = Release|Any CPU
		{DCCB69B1-E4B6-4336-94DF-DDABCFEA8A02}.Release|Any CPU.Build.0 = Release|Any CPU
		{DCCB69B1-E4B6-4336-94DF-DDABCFEA8A02}.Release|x64.ActiveCfg = Release|Any CPU
		{DCCB69B1-E4B6-4336-94DF-DDABCFEA8A02}.Release|x64.Build.0 = Release|Any CPU
		{DCCB69B1-E4B6-4336-94DF-DDABCFEA8A02}.Release|x86.ActiveCfg = Release|Any CPU
		{DCCB69B1-E4B6-4336-94DF-DDABCFEA8A02}.Release|x86.Build.0 = Release|Any CPU
		{044EC077-9BB6-49CF-9D58-BA8F82818773}.Debug|Any CPU.ActiveCfg = Debug|Any CPU
		{044EC077-9BB6-49CF-9D58-BA8F82818773}.Debug|Any CPU.Build.0 = Debug|Any CPU
		{044EC077-9BB6-49CF-9D58-BA8F82818773}.Debug|x64.ActiveCfg = Debug|Any CPU
		{044EC077-9BB6-49CF-9D58-BA8F82818773}.Debug|x64.Build.0 = Debug|Any CPU
		{044EC077-9BB6-49CF-9D58-BA8F82818773}.Debug|x86.ActiveCfg = Debug|Any CPU
		{044EC077-9BB6-49CF-9D58-BA8F82818773}.Debug|x86.Build.0 = Debug|Any CPU
		{044EC077-9BB6-49CF-9D58-BA8F82818773}.Release|Any CPU.ActiveCfg = Release|Any CPU
		{044EC077-9BB6-49CF-9D58-BA8F82818773}.Release|Any CPU.Build.0 = Release|Any CPU
		{044EC077-9BB6-49CF-9D58-BA8F82818773}.Release|x64.ActiveCfg = Release|Any CPU
		{044EC077-9BB6-49CF-9D58-BA8F82818773}.Release|x64.Build.0 = Release|Any CPU
		{044EC077-9BB6-49CF-9D58-BA8F82818773}.Release|x86.ActiveCfg = Release|Any CPU
		{044EC077-9BB6-49CF-9D58-BA8F82818773}.Release|x86.Build.0 = Release|Any CPU
		{7346A4EE-3530-42AF-9004-B71D00539AC5}.Debug|Any CPU.ActiveCfg = Debug|Any CPU
		{7346A4EE-3530-42AF-9004-B71D00539AC5}.Debug|Any CPU.Build.0 = Debug|Any CPU
		{7346A4EE-3530-42AF-9004-B71D00539AC5}.Debug|x64.ActiveCfg = Debug|Any CPU
		{7346A4EE-3530-42AF-9004-B71D00539AC5}.Debug|x64.Build.0 = Debug|Any CPU
		{7346A4EE-3530-42AF-9004-B71D00539AC5}.Debug|x86.ActiveCfg = Debug|Any CPU
		{7346A4EE-3530-42AF-9004-B71D00539AC5}.Debug|x86.Build.0 = Debug|Any CPU
		{7346A4EE-3530-42AF-9004-B71D00539AC5}.Release|Any CPU.ActiveCfg = Release|Any CPU
		{7346A4EE-3530-42AF-9004-B71D00539AC5}.Release|Any CPU.Build.0 = Release|Any CPU
		{7346A4EE-3530-42AF-9004-B71D00539AC5}.Release|x64.ActiveCfg = Release|Any CPU
		{7346A4EE-3530-42AF-9004-B71D00539AC5}.Release|x64.Build.0 = Release|Any CPU
		{7346A4EE-3530-42AF-9004-B71D00539AC5}.Release|x86.ActiveCfg = Release|Any CPU
		{7346A4EE-3530-42AF-9004-B71D00539AC5}.Release|x86.Build.0 = Release|Any CPU
		{D8DA508E-1709-46FD-A8C9-950A39976524}.Debug|Any CPU.ActiveCfg = Debug|Any CPU
		{D8DA508E-1709-46FD-A8C9-950A39976524}.Debug|Any CPU.Build.0 = Debug|Any CPU
		{D8DA508E-1709-46FD-A8C9-950A39976524}.Debug|x64.ActiveCfg = Debug|Any CPU
		{D8DA508E-1709-46FD-A8C9-950A39976524}.Debug|x64.Build.0 = Debug|Any CPU
		{D8DA508E-1709-46FD-A8C9-950A39976524}.Debug|x86.ActiveCfg = Debug|Any CPU
		{D8DA508E-1709-46FD-A8C9-950A39976524}.Debug|x86.Build.0 = Debug|Any CPU
		{D8DA508E-1709-46FD-A8C9-950A39976524}.Release|Any CPU.ActiveCfg = Release|Any CPU
		{D8DA508E-1709-46FD-A8C9-950A39976524}.Release|Any CPU.Build.0 = Release|Any CPU
		{D8DA508E-1709-46FD-A8C9-950A39976524}.Release|x64.ActiveCfg = Release|Any CPU
		{D8DA508E-1709-46FD-A8C9-950A39976524}.Release|x64.Build.0 = Release|Any CPU
		{D8DA508E-1709-46FD-A8C9-950A39976524}.Release|x86.ActiveCfg = Release|Any CPU
		{D8DA508E-1709-46FD-A8C9-950A39976524}.Release|x86.Build.0 = Release|Any CPU
		{7EC5F079-2A4B-4482-8877-A811DA23A04F}.Debug|Any CPU.ActiveCfg = Debug|Any CPU
		{7EC5F079-2A4B-4482-8877-A811DA23A04F}.Debug|Any CPU.Build.0 = Debug|Any CPU
		{7EC5F079-2A4B-4482-8877-A811DA23A04F}.Debug|x64.ActiveCfg = Debug|Any CPU
		{7EC5F079-2A4B-4482-8877-A811DA23A04F}.Debug|x64.Build.0 = Debug|Any CPU
		{7EC5F079-2A4B-4482-8877-A811DA23A04F}.Debug|x86.ActiveCfg = Debug|Any CPU
		{7EC5F079-2A4B-4482-8877-A811DA23A04F}.Debug|x86.Build.0 = Debug|Any CPU
		{7EC5F079-2A4B-4482-8877-A811DA23A04F}.Release|Any CPU.ActiveCfg = Release|Any CPU
		{7EC5F079-2A4B-4482-8877-A811DA23A04F}.Release|Any CPU.Build.0 = Release|Any CPU
		{7EC5F079-2A4B-4482-8877-A811DA23A04F}.Release|x64.ActiveCfg = Release|Any CPU
		{7EC5F079-2A4B-4482-8877-A811DA23A04F}.Release|x64.Build.0 = Release|Any CPU
		{7EC5F079-2A4B-4482-8877-A811DA23A04F}.Release|x86.ActiveCfg = Release|Any CPU
		{7EC5F079-2A4B-4482-8877-A811DA23A04F}.Release|x86.Build.0 = Release|Any CPU
		{B1D1136D-69DF-405D-865B-05A9DFA57CF1}.Debug|Any CPU.ActiveCfg = Debug|Any CPU
		{B1D1136D-69DF-405D-865B-05A9DFA57CF1}.Debug|Any CPU.Build.0 = Debug|Any CPU
		{B1D1136D-69DF-405D-865B-05A9DFA57CF1}.Debug|x64.ActiveCfg = Debug|Any CPU
		{B1D1136D-69DF-405D-865B-05A9DFA57CF1}.Debug|x64.Build.0 = Debug|Any CPU
		{B1D1136D-69DF-405D-865B-05A9DFA57CF1}.Debug|x86.ActiveCfg = Debug|Any CPU
		{B1D1136D-69DF-405D-865B-05A9DFA57CF1}.Debug|x86.Build.0 = Debug|Any CPU
		{B1D1136D-69DF-405D-865B-05A9DFA57CF1}.Release|Any CPU.ActiveCfg = Release|Any CPU
		{B1D1136D-69DF-405D-865B-05A9DFA57CF1}.Release|Any CPU.Build.0 = Release|Any CPU
		{B1D1136D-69DF-405D-865B-05A9DFA57CF1}.Release|x64.ActiveCfg = Release|Any CPU
		{B1D1136D-69DF-405D-865B-05A9DFA57CF1}.Release|x64.Build.0 = Release|Any CPU
		{B1D1136D-69DF-405D-865B-05A9DFA57CF1}.Release|x86.ActiveCfg = Release|Any CPU
		{B1D1136D-69DF-405D-865B-05A9DFA57CF1}.Release|x86.Build.0 = Release|Any CPU
		{0B0D0A88-2E3E-4A9D-AABA-8D9691C25FF2}.Debug|Any CPU.ActiveCfg = Debug|Any CPU
		{0B0D0A88-2E3E-4A9D-AABA-8D9691C25FF2}.Debug|Any CPU.Build.0 = Debug|Any CPU
		{0B0D0A88-2E3E-4A9D-AABA-8D9691C25FF2}.Debug|x64.ActiveCfg = Debug|Any CPU
		{0B0D0A88-2E3E-4A9D-AABA-8D9691C25FF2}.Debug|x64.Build.0 = Debug|Any CPU
		{0B0D0A88-2E3E-4A9D-AABA-8D9691C25FF2}.Debug|x86.ActiveCfg = Debug|Any CPU
		{0B0D0A88-2E3E-4A9D-AABA-8D9691C25FF2}.Debug|x86.Build.0 = Debug|Any CPU
		{0B0D0A88-2E3E-4A9D-AABA-8D9691C25FF2}.Release|Any CPU.ActiveCfg = Release|Any CPU
		{0B0D0A88-2E3E-4A9D-AABA-8D9691C25FF2}.Release|Any CPU.Build.0 = Release|Any CPU
		{0B0D0A88-2E3E-4A9D-AABA-8D9691C25FF2}.Release|x64.ActiveCfg = Release|Any CPU
		{0B0D0A88-2E3E-4A9D-AABA-8D9691C25FF2}.Release|x64.Build.0 = Release|Any CPU
		{0B0D0A88-2E3E-4A9D-AABA-8D9691C25FF2}.Release|x86.ActiveCfg = Release|Any CPU
		{0B0D0A88-2E3E-4A9D-AABA-8D9691C25FF2}.Release|x86.Build.0 = Release|Any CPU
	EndGlobalSection
	GlobalSection(SolutionProperties) = preSolution
		HideSolutionNode = FALSE
	EndGlobalSection
	GlobalSection(NestedProjects) = preSolution
		{6BF1BFDE-41D3-4A27-8F4F-DD3634917302} = {90A02A63-858D-4DF7-A0D9-F163E6854AE0}
		{B7EB7027-BBF4-4AAD-A3BD-5DF4E34CE35F} = {90A02A63-858D-4DF7-A0D9-F163E6854AE0}
		{7355E462-EE87-4079-AD91-ABEFE47CD00C} = {90A02A63-858D-4DF7-A0D9-F163E6854AE0}
		{E8C45A80-4621-45F8-83E7-1AC35ECDDFA8} = {90A02A63-858D-4DF7-A0D9-F163E6854AE0}
		{528E8E75-843A-4E90-96E2-7B9B075AFBC8} = {90A02A63-858D-4DF7-A0D9-F163E6854AE0}
		{DCCB69B1-E4B6-4336-94DF-DDABCFEA8A02} = {565B8CC4-A809-4EB2-BD43-1148591BA07C}
		{044EC077-9BB6-49CF-9D58-BA8F82818773} = {565B8CC4-A809-4EB2-BD43-1148591BA07C}
		{7346A4EE-3530-42AF-9004-B71D00539AC5} = {565B8CC4-A809-4EB2-BD43-1148591BA07C}
		{D8DA508E-1709-46FD-A8C9-950A39976524} = {565B8CC4-A809-4EB2-BD43-1148591BA07C}
		{7EC5F079-2A4B-4482-8877-A811DA23A04F} = {565B8CC4-A809-4EB2-BD43-1148591BA07C}
		{C966B347-AB55-4D09-B9A2-450EE84D4A5A} = {90A02A63-858D-4DF7-A0D9-F163E6854AE0}
		{96B564A2-0A24-456C-BAD8-6051198D5192} = {565B8CC4-A809-4EB2-BD43-1148591BA07C}
		{B1D1136D-69DF-405D-865B-05A9DFA57CF1} = {FB57CDDD-390F-4A9F-ACF5-F9DBB9DF682F}
	EndGlobalSection
	GlobalSection(ExtensibilityGlobals) = postSolution
		SolutionGuid = {3042FAC7-68C2-4E95-BC7E-426CBB33185F}
	EndGlobalSection
EndGlobal
