
Microsoft Visual Studio Solution File, Format Version 12.00
# Visual Studio Version 16
VisualStudioVersion = 16.0.30011.22
MinimumVisualStudioVersion = 15.0.26124.0
Project("{2150E333-8FDC-42A3-9474-1A3956D46DE8}") = "Catalog", "Catalog", "{90A02A63-858D-4DF7-A0D9-F163E6854AE0}"
	ProjectSection(SolutionItems) = preProject
		Catalog.proto = Catalog.proto
	EndProjectSection
EndProject
Project("{9A19103F-16F7-4668-BE54-9A1E7A4F7556}") = "Catalog.Services", "Catalog\Catalog.Services\Catalog.Services.csproj", "{6BF1BFDE-41D3-4A27-8F4F-DD3634917302}"
EndProject
Project("{9A19103F-16F7-4668-BE54-9A1E7A4F7556}") = "Catalog.Services.Tests", "Catalog\Catalog.Services.Tests\Catalog.Services.Tests.csproj", "{B7EB7027-BBF4-4AAD-A3BD-5DF4E34CE35F}"
EndProject
Project("{9A19103F-16F7-4668-BE54-9A1E7A4F7556}") = "Catalog.Models", "Catalog\Catalog.Models\Catalog.Models.csproj", "{7355E462-EE87-4079-AD91-ABEFE47CD00C}"
EndProject
Project("{9A19103F-16F7-4668-BE54-9A1E7A4F7556}") = "Catalog.Clients", "Catalog\Catalog.Clients\Catalog.Clients.csproj", "{E8C45A80-4621-45F8-83E7-1AC35ECDDFA8}"
EndProject
Project("{9A19103F-16F7-4668-BE54-9A1E7A4F7556}") = "Catalog.RestApi", "Catalog\Catalog.RestApi\Catalog.RestApi.csproj", "{528E8E75-843A-4E90-96E2-7B9B075AFBC8}"
EndProject
Project("{2150E333-8FDC-42A3-9474-1A3956D46DE8}") = "Ordering", "Ordering", "{C3458216-DDFB-425F-A0E3-34A91DD9FC54}"
EndProject
Project("{9A19103F-16F7-4668-BE54-9A1E7A4F7556}") = "Ordering.Services", "Ordering\Ordering.Services\Ordering.Services.csproj", "{C85B63EE-436A-4A99-BB11-C8FD32435C4D}"
EndProject
Project("{9A19103F-16F7-4668-BE54-9A1E7A4F7556}") = "Ordering.Services.Tests", "Ordering\Ordering.Services.Tests\Ordering.Services.Tests.csproj", "{47E5CA50-9562-46E1-B876-89453459C695}"
EndProject
Project("{9A19103F-16F7-4668-BE54-9A1E7A4F7556}") = "Ordering.Models", "Ordering\Ordering.Models\Ordering.Models.csproj", "{06342A56-C958-4040-89F1-D1953D9AB102}"
EndProject
Project("{9A19103F-16F7-4668-BE54-9A1E7A4F7556}") = "Ordering.Clients", "Ordering\Ordering.Clients\Ordering.Clients.csproj", "{E7BEA6B5-8AEC-4B6C-9AF5-616F043A7FF2}"
EndProject
Project("{9A19103F-16F7-4668-BE54-9A1E7A4F7556}") = "Ordering.RestApi", "Ordering\Ordering.RestApi\Ordering.RestApi.csproj", "{0D24350F-41B4-47CE-BDCB-CD6E668EB42E}"
EndProject
Project("{E53339B2-1760-4266-BCC7-CA923CBCF16C}") = "docker-compose", "docker-compose.dcproj", "{B164649F-870D-4D36-96EA-864E30BC9FB4}"
EndProject
Global
	GlobalSection(SolutionConfigurationPlatforms) = preSolution
		Debug|Any CPU = Debug|Any CPU
		Debug|x64 = Debug|x64
		Debug|x86 = Debug|x86
		Release|Any CPU = Release|Any CPU
		Release|x64 = Release|x64
		Release|x86 = Release|x86
	EndGlobalSection
	GlobalSection(ProjectConfigurationPlatforms) = postSolution
		{6BF1BFDE-41D3-4A27-8F4F-DD3634917302}.Debug|Any CPU.ActiveCfg = Debug|Any CPU
		{6BF1BFDE-41D3-4A27-8F4F-DD3634917302}.Debug|Any CPU.Build.0 = Debug|Any CPU
		{6BF1BFDE-41D3-4A27-8F4F-DD3634917302}.Debug|x64.ActiveCfg = Debug|Any CPU
		{6BF1BFDE-41D3-4A27-8F4F-DD3634917302}.Debug|x64.Build.0 = Debug|Any CPU
		{6BF1BFDE-41D3-4A27-8F4F-DD3634917302}.Debug|x86.ActiveCfg = Debug|Any CPU
		{6BF1BFDE-41D3-4A27-8F4F-DD3634917302}.Debug|x86.Build.0 = Debug|Any CPU
		{6BF1BFDE-41D3-4A27-8F4F-DD3634917302}.Release|Any CPU.ActiveCfg = Release|Any CPU
		{6BF1BFDE-41D3-4A27-8F4F-DD3634917302}.Release|Any CPU.Build.0 = Release|Any CPU
		{6BF1BFDE-41D3-4A27-8F4F-DD3634917302}.Release|x64.ActiveCfg = Release|Any CPU
		{6BF1BFDE-41D3-4A27-8F4F-DD3634917302}.Release|x64.Build.0 = Release|Any CPU
		{6BF1BFDE-41D3-4A27-8F4F-DD3634917302}.Release|x86.ActiveCfg = Release|Any CPU
		{6BF1BFDE-41D3-4A27-8F4F-DD3634917302}.Release|x86.Build.0 = Release|Any CPU
		{B7EB7027-BBF4-4AAD-A3BD-5DF4E34CE35F}.Debug|Any CPU.ActiveCfg = Debug|Any CPU
		{B7EB7027-BBF4-4AAD-A3BD-5DF4E34CE35F}.Debug|Any CPU.Build.0 = Debug|Any CPU
		{B7EB7027-BBF4-4AAD-A3BD-5DF4E34CE35F}.Debug|x64.ActiveCfg = Debug|Any CPU
		{B7EB7027-BBF4-4AAD-A3BD-5DF4E34CE35F}.Debug|x64.Build.0 = Debug|Any CPU
		{B7EB7027-BBF4-4AAD-A3BD-5DF4E34CE35F}.Debug|x86.ActiveCfg = Debug|Any CPU
		{B7EB7027-BBF4-4AAD-A3BD-5DF4E34CE35F}.Debug|x86.Build.0 = Debug|Any CPU
		{B7EB7027-BBF4-4AAD-A3BD-5DF4E34CE35F}.Release|Any CPU.ActiveCfg = Release|Any CPU
		{B7EB7027-BBF4-4AAD-A3BD-5DF4E34CE35F}.Release|Any CPU.Build.0 = Release|Any CPU
		{B7EB7027-BBF4-4AAD-A3BD-5DF4E34CE35F}.Release|x64.ActiveCfg = Release|Any CPU
		{B7EB7027-BBF4-4AAD-A3BD-5DF4E34CE35F}.Release|x64.Build.0 = Release|Any CPU
		{B7EB7027-BBF4-4AAD-A3BD-5DF4E34CE35F}.Release|x86.ActiveCfg = Release|Any CPU
		{B7EB7027-BBF4-4AAD-A3BD-5DF4E34CE35F}.Release|x86.Build.0 = Release|Any CPU
		{7355E462-EE87-4079-AD91-ABEFE47CD00C}.Debug|Any CPU.ActiveCfg = Debug|Any CPU
		{7355E462-EE87-4079-AD91-ABEFE47CD00C}.Debug|Any CPU.Build.0 = Debug|Any CPU
		{7355E462-EE87-4079-AD91-ABEFE47CD00C}.Debug|x64.ActiveCfg = Debug|Any CPU
		{7355E462-EE87-4079-AD91-ABEFE47CD00C}.Debug|x64.Build.0 = Debug|Any CPU
		{7355E462-EE87-4079-AD91-ABEFE47CD00C}.Debug|x86.ActiveCfg = Debug|Any CPU
		{7355E462-EE87-4079-AD91-ABEFE47CD00C}.Debug|x86.Build.0 = Debug|Any CPU
		{7355E462-EE87-4079-AD91-ABEFE47CD00C}.Release|Any CPU.ActiveCfg = Release|Any CPU
		{7355E462-EE87-4079-AD91-ABEFE47CD00C}.Release|Any CPU.Build.0 = Release|Any CPU
		{7355E462-EE87-4079-AD91-ABEFE47CD00C}.Release|x64.ActiveCfg = Release|Any CPU
		{7355E462-EE87-4079-AD91-ABEFE47CD00C}.Release|x64.Build.0 = Release|Any CPU
		{7355E462-EE87-4079-AD91-ABEFE47CD00C}.Release|x86.ActiveCfg = Release|Any CPU
		{7355E462-EE87-4079-AD91-ABEFE47CD00C}.Release|x86.Build.0 = Release|Any CPU
		{E8C45A80-4621-45F8-83E7-1AC35ECDDFA8}.Debug|Any CPU.ActiveCfg = Debug|Any CPU
		{E8C45A80-4621-45F8-83E7-1AC35ECDDFA8}.Debug|Any CPU.Build.0 = Debug|Any CPU
		{E8C45A80-4621-45F8-83E7-1AC35ECDDFA8}.Debug|x64.ActiveCfg = Debug|Any CPU
		{E8C45A80-4621-45F8-83E7-1AC35ECDDFA8}.Debug|x64.Build.0 = Debug|Any CPU
		{E8C45A80-4621-45F8-83E7-1AC35ECDDFA8}.Debug|x86.ActiveCfg = Debug|Any CPU
		{E8C45A80-4621-45F8-83E7-1AC35ECDDFA8}.Debug|x86.Build.0 = Debug|Any CPU
		{E8C45A80-4621-45F8-83E7-1AC35ECDDFA8}.Release|Any CPU.ActiveCfg = Release|Any CPU
		{E8C45A80-4621-45F8-83E7-1AC35ECDDFA8}.Release|Any CPU.Build.0 = Release|Any CPU
		{E8C45A80-4621-45F8-83E7-1AC35ECDDFA8}.Release|x64.ActiveCfg = Release|Any CPU
		{E8C45A80-4621-45F8-83E7-1AC35ECDDFA8}.Release|x64.Build.0 = Release|Any CPU
		{E8C45A80-4621-45F8-83E7-1AC35ECDDFA8}.Release|x86.ActiveCfg = Release|Any CPU
		{E8C45A80-4621-45F8-83E7-1AC35ECDDFA8}.Release|x86.Build.0 = Release|Any CPU
		{528E8E75-843A-4E90-96E2-7B9B075AFBC8}.Debug|Any CPU.ActiveCfg = Debug|Any CPU
		{528E8E75-843A-4E90-96E2-7B9B075AFBC8}.Debug|Any CPU.Build.0 = Debug|Any CPU
		{528E8E75-843A-4E90-96E2-7B9B075AFBC8}.Debug|x64.ActiveCfg = Debug|Any CPU
		{528E8E75-843A-4E90-96E2-7B9B075AFBC8}.Debug|x64.Build.0 = Debug|Any CPU
		{528E8E75-843A-4E90-96E2-7B9B075AFBC8}.Debug|x86.ActiveCfg = Debug|Any CPU
		{528E8E75-843A-4E90-96E2-7B9B075AFBC8}.Debug|x86.Build.0 = Debug|Any CPU
		{528E8E75-843A-4E90-96E2-7B9B075AFBC8}.Release|Any CPU.ActiveCfg = Release|Any CPU
		{528E8E75-843A-4E90-96E2-7B9B075AFBC8}.Release|Any CPU.Build.0 = Release|Any CPU
		{528E8E75-843A-4E90-96E2-7B9B075AFBC8}.Release|x64.ActiveCfg = Release|Any CPU
		{528E8E75-843A-4E90-96E2-7B9B075AFBC8}.Release|x64.Build.0 = Release|Any CPU
		{528E8E75-843A-4E90-96E2-7B9B075AFBC8}.Release|x86.ActiveCfg = Release|Any CPU
		{528E8E75-843A-4E90-96E2-7B9B075AFBC8}.Release|x86.Build.0 = Release|Any CPU
		{C85B63EE-436A-4A99-BB11-C8FD32435C4D}.Debug|Any CPU.ActiveCfg = Debug|Any CPU
		{C85B63EE-436A-4A99-BB11-C8FD32435C4D}.Debug|Any CPU.Build.0 = Debug|Any CPU
		{C85B63EE-436A-4A99-BB11-C8FD32435C4D}.Debug|x64.ActiveCfg = Debug|Any CPU
		{C85B63EE-436A-4A99-BB11-C8FD32435C4D}.Debug|x64.Build.0 = Debug|Any CPU
		{C85B63EE-436A-4A99-BB11-C8FD32435C4D}.Debug|x86.ActiveCfg = Debug|Any CPU
		{C85B63EE-436A-4A99-BB11-C8FD32435C4D}.Debug|x86.Build.0 = Debug|Any CPU
		{C85B63EE-436A-4A99-BB11-C8FD32435C4D}.Release|Any CPU.ActiveCfg = Release|Any CPU
		{C85B63EE-436A-4A99-BB11-C8FD32435C4D}.Release|Any CPU.Build.0 = Release|Any CPU
		{C85B63EE-436A-4A99-BB11-C8FD32435C4D}.Release|x64.ActiveCfg = Release|Any CPU
		{C85B63EE-436A-4A99-BB11-C8FD32435C4D}.Release|x64.Build.0 = Release|Any CPU
		{C85B63EE-436A-4A99-BB11-C8FD32435C4D}.Release|x86.ActiveCfg = Release|Any CPU
		{C85B63EE-436A-4A99-BB11-C8FD32435C4D}.Release|x86.Build.0 = Release|Any CPU
		{47E5CA50-9562-46E1-B876-89453459C695}.Debug|Any CPU.ActiveCfg = Debug|Any CPU
		{47E5CA50-9562-46E1-B876-89453459C695}.Debug|Any CPU.Build.0 = Debug|Any CPU
		{47E5CA50-9562-46E1-B876-89453459C695}.Debug|x64.ActiveCfg = Debug|Any CPU
		{47E5CA50-9562-46E1-B876-89453459C695}.Debug|x64.Build.0 = Debug|Any CPU
		{47E5CA50-9562-46E1-B876-89453459C695}.Debug|x86.ActiveCfg = Debug|Any CPU
		{47E5CA50-9562-46E1-B876-89453459C695}.Debug|x86.Build.0 = Debug|Any CPU
		{47E5CA50-9562-46E1-B876-89453459C695}.Release|Any CPU.ActiveCfg = Release|Any CPU
		{47E5CA50-9562-46E1-B876-89453459C695}.Release|Any CPU.Build.0 = Release|Any CPU
		{47E5CA50-9562-46E1-B876-89453459C695}.Release|x64.ActiveCfg = Release|Any CPU
		{47E5CA50-9562-46E1-B876-89453459C695}.Release|x64.Build.0 = Release|Any CPU
		{47E5CA50-9562-46E1-B876-89453459C695}.Release|x86.ActiveCfg = Release|Any CPU
		{47E5CA50-9562-46E1-B876-89453459C695}.Release|x86.Build.0 = Release|Any CPU
		{06342A56-C958-4040-89F1-D1953D9AB102}.Debug|Any CPU.ActiveCfg = Debug|Any CPU
		{06342A56-C958-4040-89F1-D1953D9AB102}.Debug|Any CPU.Build.0 = Debug|Any CPU
		{06342A56-C958-4040-89F1-D1953D9AB102}.Debug|x64.ActiveCfg = Debug|Any CPU
		{06342A56-C958-4040-89F1-D1953D9AB102}.Debug|x64.Build.0 = Debug|Any CPU
		{06342A56-C958-4040-89F1-D1953D9AB102}.Debug|x86.ActiveCfg = Debug|Any CPU
		{06342A56-C958-4040-89F1-D1953D9AB102}.Debug|x86.Build.0 = Debug|Any CPU
		{06342A56-C958-4040-89F1-D1953D9AB102}.Release|Any CPU.ActiveCfg = Release|Any CPU
		{06342A56-C958-4040-89F1-D1953D9AB102}.Release|Any CPU.Build.0 = Release|Any CPU
		{06342A56-C958-4040-89F1-D1953D9AB102}.Release|x64.ActiveCfg = Release|Any CPU
		{06342A56-C958-4040-89F1-D1953D9AB102}.Release|x64.Build.0 = Release|Any CPU
		{06342A56-C958-4040-89F1-D1953D9AB102}.Release|x86.ActiveCfg = Release|Any CPU
		{06342A56-C958-4040-89F1-D1953D9AB102}.Release|x86.Build.0 = Release|Any CPU
		{E7BEA6B5-8AEC-4B6C-9AF5-616F043A7FF2}.Debug|Any CPU.ActiveCfg = Debug|Any CPU
		{E7BEA6B5-8AEC-4B6C-9AF5-616F043A7FF2}.Debug|Any CPU.Build.0 = Debug|Any CPU
		{E7BEA6B5-8AEC-4B6C-9AF5-616F043A7FF2}.Debug|x64.ActiveCfg = Debug|Any CPU
		{E7BEA6B5-8AEC-4B6C-9AF5-616F043A7FF2}.Debug|x64.Build.0 = Debug|Any CPU
		{E7BEA6B5-8AEC-4B6C-9AF5-616F043A7FF2}.Debug|x86.ActiveCfg = Debug|Any CPU
		{E7BEA6B5-8AEC-4B6C-9AF5-616F043A7FF2}.Debug|x86.Build.0 = Debug|Any CPU
		{E7BEA6B5-8AEC-4B6C-9AF5-616F043A7FF2}.Release|Any CPU.ActiveCfg = Release|Any CPU
		{E7BEA6B5-8AEC-4B6C-9AF5-616F043A7FF2}.Release|Any CPU.Build.0 = Release|Any CPU
		{E7BEA6B5-8AEC-4B6C-9AF5-616F043A7FF2}.Release|x64.ActiveCfg = Release|Any CPU
		{E7BEA6B5-8AEC-4B6C-9AF5-616F043A7FF2}.Release|x64.Build.0 = Release|Any CPU
		{E7BEA6B5-8AEC-4B6C-9AF5-616F043A7FF2}.Release|x86.ActiveCfg = Release|Any CPU
		{E7BEA6B5-8AEC-4B6C-9AF5-616F043A7FF2}.Release|x86.Build.0 = Release|Any CPU
		{0D24350F-41B4-47CE-BDCB-CD6E668EB42E}.Debug|Any CPU.ActiveCfg = Debug|Any CPU
		{0D24350F-41B4-47CE-BDCB-CD6E668EB42E}.Debug|Any CPU.Build.0 = Debug|Any CPU
		{0D24350F-41B4-47CE-BDCB-CD6E668EB42E}.Debug|x64.ActiveCfg = Debug|Any CPU
		{0D24350F-41B4-47CE-BDCB-CD6E668EB42E}.Debug|x64.Build.0 = Debug|Any CPU
		{0D24350F-41B4-47CE-BDCB-CD6E668EB42E}.Debug|x86.ActiveCfg = Debug|Any CPU
		{0D24350F-41B4-47CE-BDCB-CD6E668EB42E}.Debug|x86.Build.0 = Debug|Any CPU
		{0D24350F-41B4-47CE-BDCB-CD6E668EB42E}.Release|Any CPU.ActiveCfg = Release|Any CPU
		{0D24350F-41B4-47CE-BDCB-CD6E668EB42E}.Release|Any CPU.Build.0 = Release|Any CPU
		{0D24350F-41B4-47CE-BDCB-CD6E668EB42E}.Release|x64.ActiveCfg = Release|Any CPU
		{0D24350F-41B4-47CE-BDCB-CD6E668EB42E}.Release|x64.Build.0 = Release|Any CPU
		{0D24350F-41B4-47CE-BDCB-CD6E668EB42E}.Release|x86.ActiveCfg = Release|Any CPU
		{0D24350F-41B4-47CE-BDCB-CD6E668EB42E}.Release|x86.Build.0 = Release|Any CPU
		{B164649F-870D-4D36-96EA-864E30BC9FB4}.Debug|Any CPU.ActiveCfg = Debug|Any CPU
		{B164649F-870D-4D36-96EA-864E30BC9FB4}.Debug|Any CPU.Build.0 = Debug|Any CPU
		{B164649F-870D-4D36-96EA-864E30BC9FB4}.Debug|x64.ActiveCfg = Debug|Any CPU
		{B164649F-870D-4D36-96EA-864E30BC9FB4}.Debug|x64.Build.0 = Debug|Any CPU
		{B164649F-870D-4D36-96EA-864E30BC9FB4}.Debug|x86.ActiveCfg = Debug|Any CPU
		{B164649F-870D-4D36-96EA-864E30BC9FB4}.Debug|x86.Build.0 = Debug|Any CPU
		{B164649F-870D-4D36-96EA-864E30BC9FB4}.Release|Any CPU.ActiveCfg = Release|Any CPU
		{B164649F-870D-4D36-96EA-864E30BC9FB4}.Release|Any CPU.Build.0 = Release|Any CPU
		{B164649F-870D-4D36-96EA-864E30BC9FB4}.Release|x64.ActiveCfg = Release|Any CPU
		{B164649F-870D-4D36-96EA-864E30BC9FB4}.Release|x64.Build.0 = Release|Any CPU
		{B164649F-870D-4D36-96EA-864E30BC9FB4}.Release|x86.ActiveCfg = Release|Any CPU
		{B164649F-870D-4D36-96EA-864E30BC9FB4}.Release|x86.Build.0 = Release|Any CPU
	EndGlobalSection
	GlobalSection(SolutionProperties) = preSolution
		HideSolutionNode = FALSE
	EndGlobalSection
	GlobalSection(NestedProjects) = preSolution
		{6BF1BFDE-41D3-4A27-8F4F-DD3634917302} = {90A02A63-858D-4DF7-A0D9-F163E6854AE0}
		{B7EB7027-BBF4-4AAD-A3BD-5DF4E34CE35F} = {90A02A63-858D-4DF7-A0D9-F163E6854AE0}
		{7355E462-EE87-4079-AD91-ABEFE47CD00C} = {90A02A63-858D-4DF7-A0D9-F163E6854AE0}
		{E8C45A80-4621-45F8-83E7-1AC35ECDDFA8} = {90A02A63-858D-4DF7-A0D9-F163E6854AE0}
		{528E8E75-843A-4E90-96E2-7B9B075AFBC8} = {90A02A63-858D-4DF7-A0D9-F163E6854AE0}
		{C85B63EE-436A-4A99-BB11-C8FD32435C4D} = {C3458216-DDFB-425F-A0E3-34A91DD9FC54}
		{47E5CA50-9562-46E1-B876-89453459C695} = {C3458216-DDFB-425F-A0E3-34A91DD9FC54}
		{06342A56-C958-4040-89F1-D1953D9AB102} = {C3458216-DDFB-425F-A0E3-34A91DD9FC54}
		{E7BEA6B5-8AEC-4B6C-9AF5-616F043A7FF2} = {C3458216-DDFB-425F-A0E3-34A91DD9FC54}
		{0D24350F-41B4-47CE-BDCB-CD6E668EB42E} = {C3458216-DDFB-425F-A0E3-34A91DD9FC54}
	EndGlobalSection
	GlobalSection(ExtensibilityGlobals) = postSolution
		SolutionGuid = {3042FAC7-68C2-4E95-BC7E-426CBB33185F}
	EndGlobalSection
EndGlobal
