
Microsoft Visual Studio Solution File, Format Version 12.00
# Visual Studio Version 17
VisualStudioVersion = 17.5.002.0
MinimumVisualStudioVersion = 10.0.40219.1
Project("{9A19103F-16F7-4668-BE54-9A1E7A4F7556}") = "Service1", "Service1.csproj", "{16D39F10-8CF0-4F4F-A3BA-0BAFE4486765}"
EndProject
Global
	GlobalSection(SolutionConfigurationPlatforms) = preSolution
		Debug|Any CPU = Debug|Any CPU
		Release|Any CPU = Release|Any CPU
	EndGlobalSection
	GlobalSection(ProjectConfigurationPlatforms) = postSolution
		{16D39F10-8CF0-4F4F-A3BA-0BAFE4486765}.Debug|Any CPU.ActiveCfg = Debug|Any CPU
		{16D39F10-8CF0-4F4F-A3BA-0BAFE4486765}.Debug|Any CPU.Build.0 = Debug|Any CPU
		{16D39F10-8CF0-4F4F-A3BA-0BAFE4486765}.Release|Any CPU.ActiveCfg = Release|Any CPU
		{16D39F10-8CF0-4F4F-A3BA-0BAFE4486765}.Release|Any CPU.Build.0 = Release|Any CPU
	EndGlobalSection
	GlobalSection(SolutionProperties) = preSolution
		HideSolutionNode = FALSE
	EndGlobalSection
	GlobalSection(ExtensibilityGlobals) = postSolution
		SolutionGuid = {4D46D53B-5D72-465A-8AF7-77CB3D3CF6C0}
	EndGlobalSection
EndGlobal
