
Microsoft Visual Studio Solution File, Format Version 12.00
# Visual Studio Version 16
VisualStudioVersion = 16.0.29709.97
MinimumVisualStudioVersion = 10.0.40219.1
Project("{9A19103F-16F7-4668-BE54-9A1E7A4F7556}") = "CybtansSDK.Proto", "CybtansSDK.Proto\CybtansSDK.Proto.csproj", "{90333398-D69C-4FEF-8F2A-CDC01C464F94}"
EndProject
Project("{9A19103F-16F7-4668-BE54-9A1E7A4F7556}") = "CybtansSDK.Test", "CybtansSDK.Proto.Test\CybtansSDK.Test.csproj", "{F8C6E7FF-0ABC-4EEA-8693-47D1B9F74215}"
EndProject
Global
	GlobalSection(SolutionConfigurationPlatforms) = preSolution
		Debug|Any CPU = Debug|Any CPU
		Release|Any CPU = Release|Any CPU
	EndGlobalSection
	GlobalSection(ProjectConfigurationPlatforms) = postSolution
		{90333398-D69C-4FEF-8F2A-CDC01C464F94}.Debug|Any CPU.ActiveCfg = Debug|Any CPU
		{90333398-D69C-4FEF-8F2A-CDC01C464F94}.Debug|Any CPU.Build.0 = Debug|Any CPU
		{90333398-D69C-4FEF-8F2A-CDC01C464F94}.Release|Any CPU.ActiveCfg = Release|Any CPU
		{90333398-D69C-4FEF-8F2A-CDC01C464F94}.Release|Any CPU.Build.0 = Release|Any CPU
		{F8C6E7FF-0ABC-4EEA-8693-47D1B9F74215}.Debug|Any CPU.ActiveCfg = Debug|Any CPU
		{F8C6E7FF-0ABC-4EEA-8693-47D1B9F74215}.Debug|Any CPU.Build.0 = Debug|Any CPU
		{F8C6E7FF-0ABC-4EEA-8693-47D1B9F74215}.Release|Any CPU.ActiveCfg = Release|Any CPU
		{F8C6E7FF-0ABC-4EEA-8693-47D1B9F74215}.Release|Any CPU.Build.0 = Release|Any CPU
	EndGlobalSection
	GlobalSection(SolutionProperties) = preSolution
		HideSolutionNode = FALSE
	EndGlobalSection
	GlobalSection(ExtensibilityGlobals) = postSolution
		SolutionGuid = {A4D2E9B1-1E02-414F-8692-F293951065CB}
	EndGlobalSection
EndGlobal
