
Microsoft Visual Studio Solution File, Format Version 12.00
# Visual Studio Version 16
VisualStudioVersion = 16.0.30011.22
MinimumVisualStudioVersion = 10.0.40219.1
Project("{9A19103F-16F7-4668-BE54-9A1E7A4F7556}") = "Cybtans.Refit", "Cybtans.Refit\Cybtans.Refit.csproj", "{419F80C1-7A33-4FB7-A007-A028BCA61377}"
EndProject
Project("{9A19103F-16F7-4668-BE54-9A1E7A4F7556}") = "Benchmark", "Benchmark\Benchmark.csproj", "{5D49E34E-696D-4254-81B5-92112E734125}"
EndProject
Project("{9A19103F-16F7-4668-BE54-9A1E7A4F7556}") = "Cybtans.AspNetCore", "Cybtans.AspNetCore\Cybtans.AspNetCore.csproj", "{9E3BB74B-9B8A-4B11-92DB-59DF14DE9745}"
EndProject
Project("{9A19103F-16F7-4668-BE54-9A1E7A4F7556}") = "Cybtans.Serialization", "Cybtans.Serialization\Cybtans.Serialization.csproj", "{D42C3EBF-5F86-48D6-822B-6881CBFEB3A4}"
EndProject
Project("{9A19103F-16F7-4668-BE54-9A1E7A4F7556}") = "Cybtans.Entities", "Cybtans.Entities\Cybtans.Entities.csproj", "{6BEFF976-F04D-404E-9769-0270806C902E}"
EndProject
Project("{9A19103F-16F7-4668-BE54-9A1E7A4F7556}") = "Cybtans.Entities.EntityFrameworkCore", "Cybtans.Entities.EntityFrameworkCore\Cybtans.Entities.EntityFrameworkCore.csproj", "{DC3BE437-6C93-4B1B-A9D6-F750E9F54E3B}"
EndProject
Project("{9A19103F-16F7-4668-BE54-9A1E7A4F7556}") = "Cybtans.Messaging", "Cybtans.Messaging\Cybtans.Messaging.csproj", "{FF67EEC3-2F61-431C-A84F-6090BC5F9330}"
EndProject
Project("{9A19103F-16F7-4668-BE54-9A1E7A4F7556}") = "Cybtans.Messaging.RabbitMQ", "Cybtans.Messaging.RabbitMQ\Cybtans.Messaging.RabbitMQ.csproj", "{5B2262B3-F646-413E-BF74-499DB3FBEE72}"
EndProject
Project("{2150E333-8FDC-42A3-9474-1A3956D46DE8}") = "Tests", "Tests", "{3374CCAB-90D3-470E-911A-A3284EBA88A5}"
	ProjectSection(SolutionItems) = preProject
		Tests\cybtans.json = Tests\cybtans.json
	EndProjectSection
EndProject
Project("{9A19103F-16F7-4668-BE54-9A1E7A4F7556}") = "Cybtans.Messaging.RabbitMQ.Test", "Tests\Cybtans.Messaging.RabbitMQ.Test\Cybtans.Messaging.RabbitMQ.Test.csproj", "{BDDE5CC7-DF08-4D8F-A21E-9DDD25035A58}"
EndProject
Project("{9A19103F-16F7-4668-BE54-9A1E7A4F7556}") = "Cybtans.Entities.EventLog", "Cybtans.Entities.EventLog\Cybtans.Entities.EventLog.csproj", "{747F9873-9A0C-4931-9BC5-4A39DFB1914E}"
EndProject
Project("{9A19103F-16F7-4668-BE54-9A1E7A4F7556}") = "Cybtans.Services", "Cybtans.Services\Cybtans.Services.csproj", "{8D2B4D0D-D583-496B-99F5-B8E07207AAE1}"
EndProject
Project("{9A19103F-16F7-4668-BE54-9A1E7A4F7556}") = "Cybtans.Expressions", "Cybtans.Expressions\Cybtans.Expressions.csproj", "{E9F7EF71-C0A2-446E-9CA5-721FFDD9C0C2}"
EndProject
Project("{9A19103F-16F7-4668-BE54-9A1E7A4F7556}") = "Cybtans.AspNetCore.Migrations", "Cybtans.AspNetCore.Migrations\Cybtans.AspNetCore.Migrations.csproj", "{C5B61D1D-8D83-4103-A135-3BA9B7968128}"
EndProject
Project("{9A19103F-16F7-4668-BE54-9A1E7A4F7556}") = "Cybtans.Tests", "Tests\Cybtans.Tests\Cybtans.Tests.csproj", "{60589772-F9CD-4301-B66E-B244A7A1623B}"
EndProject
Project("{9A19103F-16F7-4668-BE54-9A1E7A4F7556}") = "Cybtans.Testing", "Cybtans.Testing\Cybtans.Testing.csproj", "{39146D9C-6500-4827-8743-0371B2840D23}"
EndProject
Project("{9A19103F-16F7-4668-BE54-9A1E7A4F7556}") = "Cybtans.Tests.Services", "Tests\Cybtans.Tests.Services\Cybtans.Tests.Services.csproj", "{34829353-DACF-461F-A68B-C5B077181AE6}"
EndProject
Project("{9A19103F-16F7-4668-BE54-9A1E7A4F7556}") = "Cybtans.Entities.Proto", "Cybtans.Entities.Proto\Cybtans.Entities.Proto.csproj", "{216A4B5C-D026-4D23-B010-1F404B824783}"
EndProject
Project("{2150E333-8FDC-42A3-9474-1A3956D46DE8}") = "Proto", "Proto", "{6C4CD476-2F29-4248-92D7-985C56855E97}"
	ProjectSection(SolutionItems) = preProject
		Tests\Proto\Authentication.proto = Tests\Proto\Authentication.proto
		Tests\Proto\cybtans.proto = Tests\Proto\cybtans.proto
		Tests\Proto\Domain.proto = Tests\Proto\Domain.proto
		Tests\Proto\Orders.proto = Tests\Proto\Orders.proto
		Tests\Proto\Test.proto = Tests\Proto\Test.proto
	EndProjectSection
EndProject
Project("{9A19103F-16F7-4668-BE54-9A1E7A4F7556}") = "Cybtans.Tests.Domain", "Tests\Cybtans.Tests.Domain\Cybtans.Tests.Domain.csproj", "{65B58A22-F72A-4349-9A6B-8CC6B2FBBCC7}"
EndProject
Project("{9A19103F-16F7-4668-BE54-9A1E7A4F7556}") = "Cybtans.Tests.Domain.EF", "Tests\Cybtans.Tests.Domain.EF\Cybtans.Tests.Domain.EF.csproj", "{53F52C35-73F3-4D11-A5F9-9176309EA1E2}"
EndProject
Project("{9A19103F-16F7-4668-BE54-9A1E7A4F7556}") = "Cybtans.Tests.Models", "Tests\Cybtans.Tests.Models\Cybtans.Tests.Models.csproj", "{DFDAFFF8-BAE6-4AEB-A1EE-A8F4F61E6275}"
EndProject
Project("{9A19103F-16F7-4668-BE54-9A1E7A4F7556}") = "Cybtans.Tests.RestApi", "Tests\Cybtans.Tests.RestApi\Cybtans.Tests.RestApi.csproj", "{97E8E6DC-8D33-4A42-BEAC-ADDBF8F2157C}"
EndProject
Project("{9A19103F-16F7-4668-BE54-9A1E7A4F7556}") = "Cybtans.Tests.Clients", "Tests\Cybtans.Tests.Clients\Cybtans.Tests.Clients.csproj", "{4CCD678F-E9B7-4149-B732-8DE9F953E92F}"
EndProject
Project("{9A19103F-16F7-4668-BE54-9A1E7A4F7556}") = "Cybtans.Tests.Gateway", "Tests\Cybtans.Tests.Gateway\Cybtans.Tests.Gateway.csproj", "{50F6C3ED-7C33-4D02-A13D-6786758FB593}"
EndProject
Project("{E53339B2-1760-4266-BCC7-CA923CBCF16C}") = "docker-compose", "docker-compose.dcproj", "{B701E5B2-5361-457B-B927-DEB715AE656C}"
EndProject
Project("{9A19103F-16F7-4668-BE54-9A1E7A4F7556}") = "Cybtans.Automation", "Cybtans.Automation\Cybtans.Automation.csproj", "{A09D3F62-583A-43D7-A420-E09467953DA1}"
EndProject
Project("{9A19103F-16F7-4668-BE54-9A1E7A4F7556}") = "Cybtans.Redis.Tests", "Tests\Cybtans.Redis.Tests\Cybtans.Redis.Tests.csproj", "{F18E9100-1FFB-4502-9FF5-EABFC18C736A}"
EndProject
Project("{9A19103F-16F7-4668-BE54-9A1E7A4F7556}") = "Cybtans.Math", "Cybtans.Math\Cybtans.Math.csproj", "{5696C81B-A195-42F0-9737-7E5A3F374A09}"
EndProject
Project("{9A19103F-16F7-4668-BE54-9A1E7A4F7556}") = "Cybtans.Math.Tests", "Tests\Cybtans.Math.Tests\Cybtans.Math.Tests.csproj", "{CA6ABDC1-C1D6-46DC-A88D-BE876BF677AA}"
EndProject
Project("{2150E333-8FDC-42A3-9474-1A3956D46DE8}") = "Graphics", "Graphics", "{9BB24624-B984-4F16-83C5-57DED80EB606}"
EndProject
Project("{9A19103F-16F7-4668-BE54-9A1E7A4F7556}") = "Cybtans.Graphics.Models", "Graphics\Cybtans.Graphics.Models\Cybtans.Graphics.Models.csproj", "{CFD441FD-9B18-43CE-9356-D9BD126BFED3}"
EndProject
Project("{9A19103F-16F7-4668-BE54-9A1E7A4F7556}") = "Cybtans.Graphics", "Graphics\Cybtans.Graphics\Cybtans.Graphics.csproj", "{A2FBA870-49C3-45D3-8EE9-66B7649C2972}"
EndProject
Project("{9A19103F-16F7-4668-BE54-9A1E7A4F7556}") = "Cybtans.Graphics.Tests", "Graphics\Cybtans.Graphics.Tests\Cybtans.Graphics.Tests.csproj", "{2ADBC8CA-D4B3-437F-AB9D-0015C969E7BD}"
EndProject
Project("{9A19103F-16F7-4668-BE54-9A1E7A4F7556}") = "SceneConverter", "Graphics\SceneConverter\SceneConverter.csproj", "{7A05AADD-4265-46F6-BEEC-3276F8775E61}"
EndProject
Project("{9A19103F-16F7-4668-BE54-9A1E7A4F7556}") = "Cybtans.Tests.Grpc", "Tests\Cybtans.Tests.Grpc\Cybtans.Tests.Grpc.csproj", "{A8A95057-A14A-4EB4-A4CE-6814F51D20D8}"
EndProject
Project("{9A19103F-16F7-4668-BE54-9A1E7A4F7556}") = "Cybtans.AzureStorage", "Cybtans.AzureStorage\Cybtans.AzureStorage.csproj", "{D282B68A-AFDE-4E74-8869-8A5CFB522512}"
EndProject
Project("{9A19103F-16F7-4668-BE54-9A1E7A4F7556}") = "Cybtans.Entities.Dapper", "Cybtans.Entities.Dapper\Cybtans.Entities.Dapper.csproj", "{D347689F-43BE-4B6A-A151-3C3CA3068F40}"
EndProject
Project("{9A19103F-16F7-4668-BE54-9A1E7A4F7556}") = "Cybtans.Validations", "Cybtans.Validations\Cybtans.Validations.csproj", "{6C1C1273-1692-40C6-A491-C23DDB26D434}"
EndProject
Project("{9A19103F-16F7-4668-BE54-9A1E7A4F7556}") = "Cybtans.Grpc", "Cybtans.Grpc\Cybtans.Grpc.csproj", "{CFA9DF49-59A5-40E9-973D-49BF3E9F7069}"
EndProject
Project("{9A19103F-16F7-4668-BE54-9A1E7A4F7556}") = "Cybtans.Messaging.AzureServiceBus", "Cybtans.Messaging.AzureServiceBus\Cybtans.Messaging.AzureServiceBus.csproj", "{064FDAF3-F3F1-4F96-96CB-286EAA3021B1}"
EndProject
Project("{2150E333-8FDC-42A3-9474-1A3956D46DE8}") = "AzureServiceBus", "AzureServiceBus", "{D781369F-16D0-41C8-94BF-86C3552F3590}"
EndProject
Project("{FAE04EC0-301F-11D3-BF4B-00C04F79EFBC}") = "Service1", "Tests\AzureServiceBus\Service1\Service1.csproj", "{CB3DB035-B120-4444-A5E5-75FA63BBD457}"
EndProject
Project("{FAE04EC0-301F-11D3-BF4B-00C04F79EFBC}") = "Service2", "Tests\AzureServiceBus\Service2\Service2.csproj", "{7501485F-28C4-4C34-88C3-A241F6ED5857}"
EndProject
Global
	GlobalSection(SolutionConfigurationPlatforms) = preSolution
		Debug|Any CPU = Debug|Any CPU
		Release|Any CPU = Release|Any CPU
	EndGlobalSection
	GlobalSection(ProjectConfigurationPlatforms) = postSolution
		{419F80C1-7A33-4FB7-A007-A028BCA61377}.Debug|Any CPU.ActiveCfg = Debug|Any CPU
		{419F80C1-7A33-4FB7-A007-A028BCA61377}.Debug|Any CPU.Build.0 = Debug|Any CPU
		{419F80C1-7A33-4FB7-A007-A028BCA61377}.Release|Any CPU.ActiveCfg = Release|Any CPU
		{419F80C1-7A33-4FB7-A007-A028BCA61377}.Release|Any CPU.Build.0 = Release|Any CPU
		{5D49E34E-696D-4254-81B5-92112E734125}.Debug|Any CPU.ActiveCfg = Debug|Any CPU
		{5D49E34E-696D-4254-81B5-92112E734125}.Debug|Any CPU.Build.0 = Debug|Any CPU
		{5D49E34E-696D-4254-81B5-92112E734125}.Release|Any CPU.ActiveCfg = Release|Any CPU
		{5D49E34E-696D-4254-81B5-92112E734125}.Release|Any CPU.Build.0 = Release|Any CPU
		{9E3BB74B-9B8A-4B11-92DB-59DF14DE9745}.Debug|Any CPU.ActiveCfg = Debug|Any CPU
		{9E3BB74B-9B8A-4B11-92DB-59DF14DE9745}.Debug|Any CPU.Build.0 = Debug|Any CPU
		{9E3BB74B-9B8A-4B11-92DB-59DF14DE9745}.Release|Any CPU.ActiveCfg = Release|Any CPU
		{9E3BB74B-9B8A-4B11-92DB-59DF14DE9745}.Release|Any CPU.Build.0 = Release|Any CPU
		{D42C3EBF-5F86-48D6-822B-6881CBFEB3A4}.Debug|Any CPU.ActiveCfg = Debug|Any CPU
		{D42C3EBF-5F86-48D6-822B-6881CBFEB3A4}.Debug|Any CPU.Build.0 = Debug|Any CPU
		{D42C3EBF-5F86-48D6-822B-6881CBFEB3A4}.Release|Any CPU.ActiveCfg = Release|Any CPU
		{D42C3EBF-5F86-48D6-822B-6881CBFEB3A4}.Release|Any CPU.Build.0 = Release|Any CPU
		{6BEFF976-F04D-404E-9769-0270806C902E}.Debug|Any CPU.ActiveCfg = Debug|Any CPU
		{6BEFF976-F04D-404E-9769-0270806C902E}.Debug|Any CPU.Build.0 = Debug|Any CPU
		{6BEFF976-F04D-404E-9769-0270806C902E}.Release|Any CPU.ActiveCfg = Release|Any CPU
		{6BEFF976-F04D-404E-9769-0270806C902E}.Release|Any CPU.Build.0 = Release|Any CPU
		{DC3BE437-6C93-4B1B-A9D6-F750E9F54E3B}.Debug|Any CPU.ActiveCfg = Debug|Any CPU
		{DC3BE437-6C93-4B1B-A9D6-F750E9F54E3B}.Debug|Any CPU.Build.0 = Debug|Any CPU
		{DC3BE437-6C93-4B1B-A9D6-F750E9F54E3B}.Release|Any CPU.ActiveCfg = Release|Any CPU
		{DC3BE437-6C93-4B1B-A9D6-F750E9F54E3B}.Release|Any CPU.Build.0 = Release|Any CPU
		{FF67EEC3-2F61-431C-A84F-6090BC5F9330}.Debug|Any CPU.ActiveCfg = Debug|Any CPU
		{FF67EEC3-2F61-431C-A84F-6090BC5F9330}.Debug|Any CPU.Build.0 = Debug|Any CPU
		{FF67EEC3-2F61-431C-A84F-6090BC5F9330}.Release|Any CPU.ActiveCfg = Release|Any CPU
		{FF67EEC3-2F61-431C-A84F-6090BC5F9330}.Release|Any CPU.Build.0 = Release|Any CPU
		{5B2262B3-F646-413E-BF74-499DB3FBEE72}.Debug|Any CPU.ActiveCfg = Debug|Any CPU
		{5B2262B3-F646-413E-BF74-499DB3FBEE72}.Debug|Any CPU.Build.0 = Debug|Any CPU
		{5B2262B3-F646-413E-BF74-499DB3FBEE72}.Release|Any CPU.ActiveCfg = Release|Any CPU
		{5B2262B3-F646-413E-BF74-499DB3FBEE72}.Release|Any CPU.Build.0 = Release|Any CPU
		{BDDE5CC7-DF08-4D8F-A21E-9DDD25035A58}.Debug|Any CPU.ActiveCfg = Debug|Any CPU
		{BDDE5CC7-DF08-4D8F-A21E-9DDD25035A58}.Debug|Any CPU.Build.0 = Debug|Any CPU
		{BDDE5CC7-DF08-4D8F-A21E-9DDD25035A58}.Release|Any CPU.ActiveCfg = Release|Any CPU
		{BDDE5CC7-DF08-4D8F-A21E-9DDD25035A58}.Release|Any CPU.Build.0 = Release|Any CPU
		{747F9873-9A0C-4931-9BC5-4A39DFB1914E}.Debug|Any CPU.ActiveCfg = Debug|Any CPU
		{747F9873-9A0C-4931-9BC5-4A39DFB1914E}.Debug|Any CPU.Build.0 = Debug|Any CPU
		{747F9873-9A0C-4931-9BC5-4A39DFB1914E}.Release|Any CPU.ActiveCfg = Release|Any CPU
		{747F9873-9A0C-4931-9BC5-4A39DFB1914E}.Release|Any CPU.Build.0 = Release|Any CPU
		{8D2B4D0D-D583-496B-99F5-B8E07207AAE1}.Debug|Any CPU.ActiveCfg = Debug|Any CPU
		{8D2B4D0D-D583-496B-99F5-B8E07207AAE1}.Debug|Any CPU.Build.0 = Debug|Any CPU
		{8D2B4D0D-D583-496B-99F5-B8E07207AAE1}.Release|Any CPU.ActiveCfg = Release|Any CPU
		{8D2B4D0D-D583-496B-99F5-B8E07207AAE1}.Release|Any CPU.Build.0 = Release|Any CPU
		{E9F7EF71-C0A2-446E-9CA5-721FFDD9C0C2}.Debug|Any CPU.ActiveCfg = Debug|Any CPU
		{E9F7EF71-C0A2-446E-9CA5-721FFDD9C0C2}.Debug|Any CPU.Build.0 = Debug|Any CPU
		{E9F7EF71-C0A2-446E-9CA5-721FFDD9C0C2}.Release|Any CPU.ActiveCfg = Release|Any CPU
		{E9F7EF71-C0A2-446E-9CA5-721FFDD9C0C2}.Release|Any CPU.Build.0 = Release|Any CPU
		{C5B61D1D-8D83-4103-A135-3BA9B7968128}.Debug|Any CPU.ActiveCfg = Debug|Any CPU
		{C5B61D1D-8D83-4103-A135-3BA9B7968128}.Debug|Any CPU.Build.0 = Debug|Any CPU
		{C5B61D1D-8D83-4103-A135-3BA9B7968128}.Release|Any CPU.ActiveCfg = Release|Any CPU
		{C5B61D1D-8D83-4103-A135-3BA9B7968128}.Release|Any CPU.Build.0 = Release|Any CPU
		{60589772-F9CD-4301-B66E-B244A7A1623B}.Debug|Any CPU.ActiveCfg = Debug|Any CPU
		{60589772-F9CD-4301-B66E-B244A7A1623B}.Debug|Any CPU.Build.0 = Debug|Any CPU
		{60589772-F9CD-4301-B66E-B244A7A1623B}.Release|Any CPU.ActiveCfg = Release|Any CPU
		{60589772-F9CD-4301-B66E-B244A7A1623B}.Release|Any CPU.Build.0 = Release|Any CPU
		{39146D9C-6500-4827-8743-0371B2840D23}.Debug|Any CPU.ActiveCfg = Debug|Any CPU
		{39146D9C-6500-4827-8743-0371B2840D23}.Debug|Any CPU.Build.0 = Debug|Any CPU
		{39146D9C-6500-4827-8743-0371B2840D23}.Release|Any CPU.ActiveCfg = Release|Any CPU
		{39146D9C-6500-4827-8743-0371B2840D23}.Release|Any CPU.Build.0 = Release|Any CPU
		{34829353-DACF-461F-A68B-C5B077181AE6}.Debug|Any CPU.ActiveCfg = Debug|Any CPU
		{34829353-DACF-461F-A68B-C5B077181AE6}.Debug|Any CPU.Build.0 = Debug|Any CPU
		{34829353-DACF-461F-A68B-C5B077181AE6}.Release|Any CPU.ActiveCfg = Release|Any CPU
		{34829353-DACF-461F-A68B-C5B077181AE6}.Release|Any CPU.Build.0 = Release|Any CPU
		{216A4B5C-D026-4D23-B010-1F404B824783}.Debug|Any CPU.ActiveCfg = Debug|Any CPU
		{216A4B5C-D026-4D23-B010-1F404B824783}.Debug|Any CPU.Build.0 = Debug|Any CPU
		{216A4B5C-D026-4D23-B010-1F404B824783}.Release|Any CPU.ActiveCfg = Release|Any CPU
		{216A4B5C-D026-4D23-B010-1F404B824783}.Release|Any CPU.Build.0 = Release|Any CPU
		{65B58A22-F72A-4349-9A6B-8CC6B2FBBCC7}.Debug|Any CPU.ActiveCfg = Debug|Any CPU
		{65B58A22-F72A-4349-9A6B-8CC6B2FBBCC7}.Debug|Any CPU.Build.0 = Debug|Any CPU
		{65B58A22-F72A-4349-9A6B-8CC6B2FBBCC7}.Release|Any CPU.ActiveCfg = Release|Any CPU
		{65B58A22-F72A-4349-9A6B-8CC6B2FBBCC7}.Release|Any CPU.Build.0 = Release|Any CPU
		{53F52C35-73F3-4D11-A5F9-9176309EA1E2}.Debug|Any CPU.ActiveCfg = Debug|Any CPU
		{53F52C35-73F3-4D11-A5F9-9176309EA1E2}.Debug|Any CPU.Build.0 = Debug|Any CPU
		{53F52C35-73F3-4D11-A5F9-9176309EA1E2}.Release|Any CPU.ActiveCfg = Release|Any CPU
		{53F52C35-73F3-4D11-A5F9-9176309EA1E2}.Release|Any CPU.Build.0 = Release|Any CPU
		{DFDAFFF8-BAE6-4AEB-A1EE-A8F4F61E6275}.Debug|Any CPU.ActiveCfg = Debug|Any CPU
		{DFDAFFF8-BAE6-4AEB-A1EE-A8F4F61E6275}.Debug|Any CPU.Build.0 = Debug|Any CPU
		{DFDAFFF8-BAE6-4AEB-A1EE-A8F4F61E6275}.Release|Any CPU.ActiveCfg = Release|Any CPU
		{DFDAFFF8-BAE6-4AEB-A1EE-A8F4F61E6275}.Release|Any CPU.Build.0 = Release|Any CPU
		{97E8E6DC-8D33-4A42-BEAC-ADDBF8F2157C}.Debug|Any CPU.ActiveCfg = Debug|Any CPU
		{97E8E6DC-8D33-4A42-BEAC-ADDBF8F2157C}.Debug|Any CPU.Build.0 = Debug|Any CPU
		{97E8E6DC-8D33-4A42-BEAC-ADDBF8F2157C}.Release|Any CPU.ActiveCfg = Release|Any CPU
		{97E8E6DC-8D33-4A42-BEAC-ADDBF8F2157C}.Release|Any CPU.Build.0 = Release|Any CPU
		{4CCD678F-E9B7-4149-B732-8DE9F953E92F}.Debug|Any CPU.ActiveCfg = Debug|Any CPU
		{4CCD678F-E9B7-4149-B732-8DE9F953E92F}.Debug|Any CPU.Build.0 = Debug|Any CPU
		{4CCD678F-E9B7-4149-B732-8DE9F953E92F}.Release|Any CPU.ActiveCfg = Release|Any CPU
		{4CCD678F-E9B7-4149-B732-8DE9F953E92F}.Release|Any CPU.Build.0 = Release|Any CPU
		{50F6C3ED-7C33-4D02-A13D-6786758FB593}.Debug|Any CPU.ActiveCfg = Debug|Any CPU
		{50F6C3ED-7C33-4D02-A13D-6786758FB593}.Debug|Any CPU.Build.0 = Debug|Any CPU
		{50F6C3ED-7C33-4D02-A13D-6786758FB593}.Release|Any CPU.ActiveCfg = Release|Any CPU
		{50F6C3ED-7C33-4D02-A13D-6786758FB593}.Release|Any CPU.Build.0 = Release|Any CPU
		{B701E5B2-5361-457B-B927-DEB715AE656C}.Debug|Any CPU.ActiveCfg = Debug|Any CPU
		{B701E5B2-5361-457B-B927-DEB715AE656C}.Debug|Any CPU.Build.0 = Debug|Any CPU
		{B701E5B2-5361-457B-B927-DEB715AE656C}.Release|Any CPU.ActiveCfg = Release|Any CPU
		{B701E5B2-5361-457B-B927-DEB715AE656C}.Release|Any CPU.Build.0 = Release|Any CPU
		{A09D3F62-583A-43D7-A420-E09467953DA1}.Debug|Any CPU.ActiveCfg = Debug|Any CPU
		{A09D3F62-583A-43D7-A420-E09467953DA1}.Debug|Any CPU.Build.0 = Debug|Any CPU
		{A09D3F62-583A-43D7-A420-E09467953DA1}.Release|Any CPU.ActiveCfg = Release|Any CPU
		{A09D3F62-583A-43D7-A420-E09467953DA1}.Release|Any CPU.Build.0 = Release|Any CPU
		{F18E9100-1FFB-4502-9FF5-EABFC18C736A}.Debug|Any CPU.ActiveCfg = Debug|Any CPU
		{F18E9100-1FFB-4502-9FF5-EABFC18C736A}.Debug|Any CPU.Build.0 = Debug|Any CPU
		{F18E9100-1FFB-4502-9FF5-EABFC18C736A}.Release|Any CPU.ActiveCfg = Release|Any CPU
		{F18E9100-1FFB-4502-9FF5-EABFC18C736A}.Release|Any CPU.Build.0 = Release|Any CPU
		{5696C81B-A195-42F0-9737-7E5A3F374A09}.Debug|Any CPU.ActiveCfg = Debug|Any CPU
		{5696C81B-A195-42F0-9737-7E5A3F374A09}.Debug|Any CPU.Build.0 = Debug|Any CPU
		{5696C81B-A195-42F0-9737-7E5A3F374A09}.Release|Any CPU.ActiveCfg = Release|Any CPU
		{5696C81B-A195-42F0-9737-7E5A3F374A09}.Release|Any CPU.Build.0 = Release|Any CPU
		{CA6ABDC1-C1D6-46DC-A88D-BE876BF677AA}.Debug|Any CPU.ActiveCfg = Debug|Any CPU
		{CA6ABDC1-C1D6-46DC-A88D-BE876BF677AA}.Debug|Any CPU.Build.0 = Debug|Any CPU
		{CA6ABDC1-C1D6-46DC-A88D-BE876BF677AA}.Release|Any CPU.ActiveCfg = Release|Any CPU
		{CA6ABDC1-C1D6-46DC-A88D-BE876BF677AA}.Release|Any CPU.Build.0 = Release|Any CPU
		{CFD441FD-9B18-43CE-9356-D9BD126BFED3}.Debug|Any CPU.ActiveCfg = Debug|Any CPU
		{CFD441FD-9B18-43CE-9356-D9BD126BFED3}.Debug|Any CPU.Build.0 = Debug|Any CPU
		{CFD441FD-9B18-43CE-9356-D9BD126BFED3}.Release|Any CPU.ActiveCfg = Release|Any CPU
		{CFD441FD-9B18-43CE-9356-D9BD126BFED3}.Release|Any CPU.Build.0 = Release|Any CPU
		{A2FBA870-49C3-45D3-8EE9-66B7649C2972}.Debug|Any CPU.ActiveCfg = Debug|Any CPU
		{A2FBA870-49C3-45D3-8EE9-66B7649C2972}.Debug|Any CPU.Build.0 = Debug|Any CPU
		{A2FBA870-49C3-45D3-8EE9-66B7649C2972}.Release|Any CPU.ActiveCfg = Release|Any CPU
		{A2FBA870-49C3-45D3-8EE9-66B7649C2972}.Release|Any CPU.Build.0 = Release|Any CPU
		{2ADBC8CA-D4B3-437F-AB9D-0015C969E7BD}.Debug|Any CPU.ActiveCfg = Debug|Any CPU
		{2ADBC8CA-D4B3-437F-AB9D-0015C969E7BD}.Debug|Any CPU.Build.0 = Debug|Any CPU
		{2ADBC8CA-D4B3-437F-AB9D-0015C969E7BD}.Release|Any CPU.ActiveCfg = Release|Any CPU
		{2ADBC8CA-D4B3-437F-AB9D-0015C969E7BD}.Release|Any CPU.Build.0 = Release|Any CPU
		{7A05AADD-4265-46F6-BEEC-3276F8775E61}.Debug|Any CPU.ActiveCfg = Debug|Any CPU
		{7A05AADD-4265-46F6-BEEC-3276F8775E61}.Debug|Any CPU.Build.0 = Debug|Any CPU
		{7A05AADD-4265-46F6-BEEC-3276F8775E61}.Release|Any CPU.ActiveCfg = Release|Any CPU
		{7A05AADD-4265-46F6-BEEC-3276F8775E61}.Release|Any CPU.Build.0 = Release|Any CPU
		{A8A95057-A14A-4EB4-A4CE-6814F51D20D8}.Debug|Any CPU.ActiveCfg = Debug|Any CPU
		{A8A95057-A14A-4EB4-A4CE-6814F51D20D8}.Debug|Any CPU.Build.0 = Debug|Any CPU
		{A8A95057-A14A-4EB4-A4CE-6814F51D20D8}.Release|Any CPU.ActiveCfg = Release|Any CPU
		{A8A95057-A14A-4EB4-A4CE-6814F51D20D8}.Release|Any CPU.Build.0 = Release|Any CPU
		{D282B68A-AFDE-4E74-8869-8A5CFB522512}.Debug|Any CPU.ActiveCfg = Debug|Any CPU
		{D282B68A-AFDE-4E74-8869-8A5CFB522512}.Debug|Any CPU.Build.0 = Debug|Any CPU
		{D282B68A-AFDE-4E74-8869-8A5CFB522512}.Release|Any CPU.ActiveCfg = Release|Any CPU
		{D282B68A-AFDE-4E74-8869-8A5CFB522512}.Release|Any CPU.Build.0 = Release|Any CPU
		{D347689F-43BE-4B6A-A151-3C3CA3068F40}.Debug|Any CPU.ActiveCfg = Debug|Any CPU
		{D347689F-43BE-4B6A-A151-3C3CA3068F40}.Debug|Any CPU.Build.0 = Debug|Any CPU
		{D347689F-43BE-4B6A-A151-3C3CA3068F40}.Release|Any CPU.ActiveCfg = Release|Any CPU
		{D347689F-43BE-4B6A-A151-3C3CA3068F40}.Release|Any CPU.Build.0 = Release|Any CPU
		{6C1C1273-1692-40C6-A491-C23DDB26D434}.Debug|Any CPU.ActiveCfg = Debug|Any CPU
		{6C1C1273-1692-40C6-A491-C23DDB26D434}.Debug|Any CPU.Build.0 = Debug|Any CPU
		{6C1C1273-1692-40C6-A491-C23DDB26D434}.Release|Any CPU.ActiveCfg = Release|Any CPU
		{6C1C1273-1692-40C6-A491-C23DDB26D434}.Release|Any CPU.Build.0 = Release|Any CPU
		{CFA9DF49-59A5-40E9-973D-49BF3E9F7069}.Debug|Any CPU.ActiveCfg = Debug|Any CPU
		{CFA9DF49-59A5-40E9-973D-49BF3E9F7069}.Debug|Any CPU.Build.0 = Debug|Any CPU
		{CFA9DF49-59A5-40E9-973D-49BF3E9F7069}.Release|Any CPU.ActiveCfg = Release|Any CPU
		{CFA9DF49-59A5-40E9-973D-49BF3E9F7069}.Release|Any CPU.Build.0 = Release|Any CPU
		{064FDAF3-F3F1-4F96-96CB-286EAA3021B1}.Debug|Any CPU.ActiveCfg = Debug|Any CPU
		{064FDAF3-F3F1-4F96-96CB-286EAA3021B1}.Debug|Any CPU.Build.0 = Debug|Any CPU
		{064FDAF3-F3F1-4F96-96CB-286EAA3021B1}.Release|Any CPU.ActiveCfg = Release|Any CPU
		{064FDAF3-F3F1-4F96-96CB-286EAA3021B1}.Release|Any CPU.Build.0 = Release|Any CPU
		{CB3DB035-B120-4444-A5E5-75FA63BBD457}.Debug|Any CPU.ActiveCfg = Debug|Any CPU
		{CB3DB035-B120-4444-A5E5-75FA63BBD457}.Debug|Any CPU.Build.0 = Debug|Any CPU
		{CB3DB035-B120-4444-A5E5-75FA63BBD457}.Release|Any CPU.ActiveCfg = Release|Any CPU
		{CB3DB035-B120-4444-A5E5-75FA63BBD457}.Release|Any CPU.Build.0 = Release|Any CPU
		{7501485F-28C4-4C34-88C3-A241F6ED5857}.Debug|Any CPU.ActiveCfg = Debug|Any CPU
		{7501485F-28C4-4C34-88C3-A241F6ED5857}.Debug|Any CPU.Build.0 = Debug|Any CPU
		{7501485F-28C4-4C34-88C3-A241F6ED5857}.Release|Any CPU.ActiveCfg = Release|Any CPU
		{7501485F-28C4-4C34-88C3-A241F6ED5857}.Release|Any CPU.Build.0 = Release|Any CPU
	EndGlobalSection
	GlobalSection(SolutionProperties) = preSolution
		HideSolutionNode = FALSE
	EndGlobalSection
	GlobalSection(NestedProjects) = preSolution
		{BDDE5CC7-DF08-4D8F-A21E-9DDD25035A58} = {3374CCAB-90D3-470E-911A-A3284EBA88A5}
		{60589772-F9CD-4301-B66E-B244A7A1623B} = {3374CCAB-90D3-470E-911A-A3284EBA88A5}
		{34829353-DACF-461F-A68B-C5B077181AE6} = {3374CCAB-90D3-470E-911A-A3284EBA88A5}
		{6C4CD476-2F29-4248-92D7-985C56855E97} = {3374CCAB-90D3-470E-911A-A3284EBA88A5}
		{65B58A22-F72A-4349-9A6B-8CC6B2FBBCC7} = {3374CCAB-90D3-470E-911A-A3284EBA88A5}
		{53F52C35-73F3-4D11-A5F9-9176309EA1E2} = {3374CCAB-90D3-470E-911A-A3284EBA88A5}
		{DFDAFFF8-BAE6-4AEB-A1EE-A8F4F61E6275} = {3374CCAB-90D3-470E-911A-A3284EBA88A5}
		{97E8E6DC-8D33-4A42-BEAC-ADDBF8F2157C} = {3374CCAB-90D3-470E-911A-A3284EBA88A5}
		{4CCD678F-E9B7-4149-B732-8DE9F953E92F} = {3374CCAB-90D3-470E-911A-A3284EBA88A5}
		{50F6C3ED-7C33-4D02-A13D-6786758FB593} = {3374CCAB-90D3-470E-911A-A3284EBA88A5}
		{F18E9100-1FFB-4502-9FF5-EABFC18C736A} = {3374CCAB-90D3-470E-911A-A3284EBA88A5}
		{CA6ABDC1-C1D6-46DC-A88D-BE876BF677AA} = {3374CCAB-90D3-470E-911A-A3284EBA88A5}
		{CFD441FD-9B18-43CE-9356-D9BD126BFED3} = {9BB24624-B984-4F16-83C5-57DED80EB606}
		{A2FBA870-49C3-45D3-8EE9-66B7649C2972} = {9BB24624-B984-4F16-83C5-57DED80EB606}
		{2ADBC8CA-D4B3-437F-AB9D-0015C969E7BD} = {9BB24624-B984-4F16-83C5-57DED80EB606}
		{7A05AADD-4265-46F6-BEEC-3276F8775E61} = {9BB24624-B984-4F16-83C5-57DED80EB606}
		{A8A95057-A14A-4EB4-A4CE-6814F51D20D8} = {3374CCAB-90D3-470E-911A-A3284EBA88A5}
		{D781369F-16D0-41C8-94BF-86C3552F3590} = {3374CCAB-90D3-470E-911A-A3284EBA88A5}
		{CB3DB035-B120-4444-A5E5-75FA63BBD457} = {D781369F-16D0-41C8-94BF-86C3552F3590}
		{7501485F-28C4-4C34-88C3-A241F6ED5857} = {D781369F-16D0-41C8-94BF-86C3552F3590}
	EndGlobalSection
	GlobalSection(ExtensibilityGlobals) = postSolution
		SolutionGuid = {412220C1-F0EB-4AB9-8FCA-DFBAB8477745}
	EndGlobalSection
EndGlobal
