
Microsoft Visual Studio Solution File, Format Version 12.00
# Visual Studio Version 16
VisualStudioVersion = 16.0.30011.22
MinimumVisualStudioVersion = 10.0.40219.1
Project("{9A19103F-16F7-4668-BE54-9A1E7A4F7556}") = "Cybtans.Refit", "Cybtans.Refit\Cybtans.Refit.csproj", "{419F80C1-7A33-4FB7-A007-A028BCA61377}"
EndProject
Project("{2150E333-8FDC-42A3-9474-1A3956D46DE8}") = "Tools", "Tools", "{5D6A5BBA-EFB4-46C0-ACEF-FF9166196F1C}"
EndProject
Project("{2150E333-8FDC-42A3-9474-1A3956D46DE8}") = "Examples", "Examples", "{770E421B-7F26-4A8B-9D0B-DCD0E7DBAD0D}"
EndProject
Project("{9A19103F-16F7-4668-BE54-9A1E7A4F7556}") = "Cybtans.Proto", "Tools\Cybtans.Proto\Cybtans.Proto.csproj", "{06D0DBB0-3488-466B-B3A5-C59F96D761B0}"
EndProject
Project("{9A19103F-16F7-4668-BE54-9A1E7A4F7556}") = "Cybtans.Proto.Test", "Tools\Cybtans.Proto.Test\Cybtans.Proto.Test.csproj", "{6735CF20-A68B-4D75-A20B-DF0986E18DD4}"
EndProject
Project("{9A19103F-16F7-4668-BE54-9A1E7A4F7556}") = "Cybtans.Proto.Generator", "Tools\Cybtans.Proto.Generator\Cybtans.Proto.Generator.csproj", "{C667D95B-D4F5-4163-BF72-4D5CC865D1B7}"
EndProject
Project("{9A19103F-16F7-4668-BE54-9A1E7A4F7556}") = "Benchmark", "Benchmark\Benchmark.csproj", "{5D49E34E-696D-4254-81B5-92112E734125}"
EndProject
Project("{9A19103F-16F7-4668-BE54-9A1E7A4F7556}") = "Cybtans.AspNetCore", "Cybtans.AspNetCore\Cybtans.AspNetCore.csproj", "{9E3BB74B-9B8A-4B11-92DB-59DF14DE9745}"
EndProject
Project("{9A19103F-16F7-4668-BE54-9A1E7A4F7556}") = "Cybtans.Serialization", "Cybtans.Serialization\Cybtans.Serialization.csproj", "{D42C3EBF-5F86-48D6-822B-6881CBFEB3A4}"
EndProject
Project("{9A19103F-16F7-4668-BE54-9A1E7A4F7556}") = "Cybtans.Tests", "Cybtans.Tests\Cybtans.Tests.csproj", "{A5DE6405-A2AC-4831-AA52-D1576C912D4F}"
EndProject
Global
	GlobalSection(SolutionConfigurationPlatforms) = preSolution
		Debug|Any CPU = Debug|Any CPU
		Release|Any CPU = Release|Any CPU
	EndGlobalSection
	GlobalSection(ProjectConfigurationPlatforms) = postSolution
		{419F80C1-7A33-4FB7-A007-A028BCA61377}.Debug|Any CPU.ActiveCfg = Debug|Any CPU
		{419F80C1-7A33-4FB7-A007-A028BCA61377}.Debug|Any CPU.Build.0 = Debug|Any CPU
		{419F80C1-7A33-4FB7-A007-A028BCA61377}.Release|Any CPU.ActiveCfg = Release|Any CPU
		{419F80C1-7A33-4FB7-A007-A028BCA61377}.Release|Any CPU.Build.0 = Release|Any CPU
		{06D0DBB0-3488-466B-B3A5-C59F96D761B0}.Debug|Any CPU.ActiveCfg = Debug|Any CPU
		{06D0DBB0-3488-466B-B3A5-C59F96D761B0}.Debug|Any CPU.Build.0 = Debug|Any CPU
		{06D0DBB0-3488-466B-B3A5-C59F96D761B0}.Release|Any CPU.ActiveCfg = Release|Any CPU
		{06D0DBB0-3488-466B-B3A5-C59F96D761B0}.Release|Any CPU.Build.0 = Release|Any CPU
		{6735CF20-A68B-4D75-A20B-DF0986E18DD4}.Debug|Any CPU.ActiveCfg = Debug|Any CPU
		{6735CF20-A68B-4D75-A20B-DF0986E18DD4}.Debug|Any CPU.Build.0 = Debug|Any CPU
		{6735CF20-A68B-4D75-A20B-DF0986E18DD4}.Release|Any CPU.ActiveCfg = Release|Any CPU
		{6735CF20-A68B-4D75-A20B-DF0986E18DD4}.Release|Any CPU.Build.0 = Release|Any CPU
		{C667D95B-D4F5-4163-BF72-4D5CC865D1B7}.Debug|Any CPU.ActiveCfg = Debug|Any CPU
		{C667D95B-D4F5-4163-BF72-4D5CC865D1B7}.Debug|Any CPU.Build.0 = Debug|Any CPU
		{C667D95B-D4F5-4163-BF72-4D5CC865D1B7}.Release|Any CPU.ActiveCfg = Release|Any CPU
		{C667D95B-D4F5-4163-BF72-4D5CC865D1B7}.Release|Any CPU.Build.0 = Release|Any CPU
		{5D49E34E-696D-4254-81B5-92112E734125}.Debug|Any CPU.ActiveCfg = Debug|Any CPU
		{5D49E34E-696D-4254-81B5-92112E734125}.Debug|Any CPU.Build.0 = Debug|Any CPU
		{5D49E34E-696D-4254-81B5-92112E734125}.Release|Any CPU.ActiveCfg = Release|Any CPU
		{5D49E34E-696D-4254-81B5-92112E734125}.Release|Any CPU.Build.0 = Release|Any CPU
		{9E3BB74B-9B8A-4B11-92DB-59DF14DE9745}.Debug|Any CPU.ActiveCfg = Debug|Any CPU
		{9E3BB74B-9B8A-4B11-92DB-59DF14DE9745}.Debug|Any CPU.Build.0 = Debug|Any CPU
		{9E3BB74B-9B8A-4B11-92DB-59DF14DE9745}.Release|Any CPU.ActiveCfg = Release|Any CPU
		{9E3BB74B-9B8A-4B11-92DB-59DF14DE9745}.Release|Any CPU.Build.0 = Release|Any CPU
		{D42C3EBF-5F86-48D6-822B-6881CBFEB3A4}.Debug|Any CPU.ActiveCfg = Debug|Any CPU
		{D42C3EBF-5F86-48D6-822B-6881CBFEB3A4}.Debug|Any CPU.Build.0 = Debug|Any CPU
		{D42C3EBF-5F86-48D6-822B-6881CBFEB3A4}.Release|Any CPU.ActiveCfg = Release|Any CPU
		{D42C3EBF-5F86-48D6-822B-6881CBFEB3A4}.Release|Any CPU.Build.0 = Release|Any CPU
		{A5DE6405-A2AC-4831-AA52-D1576C912D4F}.Debug|Any CPU.ActiveCfg = Debug|Any CPU
		{A5DE6405-A2AC-4831-AA52-D1576C912D4F}.Debug|Any CPU.Build.0 = Debug|Any CPU
		{A5DE6405-A2AC-4831-AA52-D1576C912D4F}.Release|Any CPU.ActiveCfg = Release|Any CPU
		{A5DE6405-A2AC-4831-AA52-D1576C912D4F}.Release|Any CPU.Build.0 = Release|Any CPU
	EndGlobalSection
	GlobalSection(SolutionProperties) = preSolution
		HideSolutionNode = FALSE
	EndGlobalSection
	GlobalSection(NestedProjects) = preSolution
		{06D0DBB0-3488-466B-B3A5-C59F96D761B0} = {5D6A5BBA-EFB4-46C0-ACEF-FF9166196F1C}
		{6735CF20-A68B-4D75-A20B-DF0986E18DD4} = {5D6A5BBA-EFB4-46C0-ACEF-FF9166196F1C}
		{C667D95B-D4F5-4163-BF72-4D5CC865D1B7} = {5D6A5BBA-EFB4-46C0-ACEF-FF9166196F1C}
	EndGlobalSection
	GlobalSection(ExtensibilityGlobals) = postSolution
		SolutionGuid = {412220C1-F0EB-4AB9-8FCA-DFBAB8477745}
	EndGlobalSection
EndGlobal
